// !$*UTF8*$!
{
	archiveVersion = 1;
	classes = {
	};
	objectVersion = 55;
	objects = {

/* Begin PBXBuildFile section */
		5A416D14489E8B274A81E9A6 /* ShareBookmarkTagSelect.swift in Sources */ = {isa = PBXBuildFile; fileRef = 5A4161EFDF39D0DE717C77CC /* ShareBookmarkTagSelect.swift */; };
		5A416DAB2FEAD6150903FE6A /* ShareBookmarkCreate.swift in Sources */ = {isa = PBXBuildFile; fileRef = 5A416AC0C47832EDBE977C5E /* ShareBookmarkCreate.swift */; };
		83017F392910313800C341D2 /* ShareViewController.swift in Sources */ = {isa = PBXBuildFile; fileRef = 83017F382910313800C341D2 /* ShareViewController.swift */; };
		83017F412910313800C341D2 /* ShareExtension.appex in Embed Foundation Extensions */ = {isa = PBXBuildFile; fileRef = 83017F362910313800C341D2 /* ShareExtension.appex */; settings = {ATTRIBUTES = (RemoveHeadersOnCopy, ); }; };
		8339E8582A05AFDF003E7762 /* CompanionApplication.framework in Frameworks */ = {isa = PBXBuildFile; fileRef = 834922FB2A05AE6A004CBDEF /* CompanionApplication.framework */; };
		834923032A05AE6A004CBDEF /* CompanionApplication.framework in Frameworks */ = {isa = PBXBuildFile; fileRef = 834922FB2A05AE6A004CBDEF /* CompanionApplication.framework */; };
		8349230A2A05AE6A004CBDEF /* ApplicationTests.swift in Sources */ = {isa = PBXBuildFile; fileRef = 834923092A05AE6A004CBDEF /* ApplicationTests.swift */; };
		8349230B2A05AE6A004CBDEF /* Application.h in Headers */ = {isa = PBXBuildFile; fileRef = 834922FD2A05AE6A004CBDEF /* Application.h */; settings = {ATTRIBUTES = (Public, ); }; };
		8349230E2A05AE6A004CBDEF /* CompanionApplication.framework in Frameworks */ = {isa = PBXBuildFile; fileRef = 834922FB2A05AE6A004CBDEF /* CompanionApplication.framework */; };
		8349230F2A05AE6A004CBDEF /* CompanionApplication.framework in Embed Frameworks */ = {isa = PBXBuildFile; fileRef = 834922FB2A05AE6A004CBDEF /* CompanionApplication.framework */; settings = {ATTRIBUTES = (CodeSignOnCopy, RemoveHeadersOnCopy, ); }; };
		8349233F2A05AEF5004CBDEF /* SharedSettingKeys.swift in Sources */ = {isa = PBXBuildFile; fileRef = 8349231B2A05AEF5004CBDEF /* SharedSettingKeys.swift */; };
		834923402A05AEF5004CBDEF /* SecureSettingsError.swift in Sources */ = {isa = PBXBuildFile; fileRef = 8349231C2A05AEF5004CBDEF /* SecureSettingsError.swift */; };
		834923412A05AEF5004CBDEF /* SecureSettingsSupport.swift in Sources */ = {isa = PBXBuildFile; fileRef = 8349231D2A05AEF5004CBDEF /* SecureSettingsSupport.swift */; };
		834923422A05AEF5004CBDEF /* AppStorageSupport.swift in Sources */ = {isa = PBXBuildFile; fileRef = 8349231E2A05AEF5004CBDEF /* AppStorageSupport.swift */; };
		834923432A05AEF5004CBDEF /* GlobalSettingKeys.swift in Sources */ = {isa = PBXBuildFile; fileRef = 834923202A05AEF5004CBDEF /* GlobalSettingKeys.swift */; };
		834923442A05AEF5004CBDEF /* Integrations.swift in Sources */ = {isa = PBXBuildFile; fileRef = 834923212A05AEF5004CBDEF /* Integrations.swift */; };
		834923452A05AEF5004CBDEF /* View.swift in Sources */ = {isa = PBXBuildFile; fileRef = 834923232A05AEF5004CBDEF /* View.swift */; };
		834923462A05AEF5004CBDEF /* ConfigurationButton.swift in Sources */ = {isa = PBXBuildFile; fileRef = 834923262A05AEF5004CBDEF /* ConfigurationButton.swift */; };
		834923472A05AEF5004CBDEF /* UrlLinkView.swift in Sources */ = {isa = PBXBuildFile; fileRef = 834923282A05AEF5004CBDEF /* UrlLinkView.swift */; };
		834923482A05AEF5004CBDEF /* BookmarkView.swift in Sources */ = {isa = PBXBuildFile; fileRef = 834923292A05AEF5004CBDEF /* BookmarkView.swift */; };
		834923492A05AEF5004CBDEF /* BookmarkTagsView.swift in Sources */ = {isa = PBXBuildFile; fileRef = 8349232A2A05AEF5004CBDEF /* BookmarkTagsView.swift */; };
		8349234A2A05AEF5004CBDEF /* BookmarkListView.swift in Sources */ = {isa = PBXBuildFile; fileRef = 8349232B2A05AEF5004CBDEF /* BookmarkListView.swift */; };
		8349234B2A05AEF5004CBDEF /* WebView.swift in Sources */ = {isa = PBXBuildFile; fileRef = 8349232D2A05AEF5004CBDEF /* WebView.swift */; };
		8349234C2A05AEF5004CBDEF /* CommonSelectListView.swift in Sources */ = {isa = PBXBuildFile; fileRef = 8349232F2A05AEF5004CBDEF /* CommonSelectListView.swift */; };
		8349234D2A05AEF5004CBDEF /* SelectableListItemView.swift in Sources */ = {isa = PBXBuildFile; fileRef = 834923302A05AEF5004CBDEF /* SelectableListItemView.swift */; };
		8349234E2A05AEF5004CBDEF /* SyncErrorView.swift in Sources */ = {isa = PBXBuildFile; fileRef = 834923322A05AEF5004CBDEF /* SyncErrorView.swift */; };
		8349234F2A05AEF5004CBDEF /* ErrorView.swift in Sources */ = {isa = PBXBuildFile; fileRef = 834923332A05AEF5004CBDEF /* ErrorView.swift */; };
		834923502A05AEF5004CBDEF /* TagView.swift in Sources */ = {isa = PBXBuildFile; fileRef = 834923352A05AEF5004CBDEF /* TagView.swift */; };
		834923512A05AEF5004CBDEF /* TagListView.swift in Sources */ = {isa = PBXBuildFile; fileRef = 834923362A05AEF5004CBDEF /* TagListView.swift */; };
		834923522A05AEF5004CBDEF /* Bookmark.swift in Sources */ = {isa = PBXBuildFile; fileRef = 834923382A05AEF5004CBDEF /* Bookmark.swift */; };
		834923532A05AEF5004CBDEF /* Tag.swift in Sources */ = {isa = PBXBuildFile; fileRef = 834923392A05AEF5004CBDEF /* Tag.swift */; };
		834923542A05AEF5004CBDEF /* BackendSupportClient.swift in Sources */ = {isa = PBXBuildFile; fileRef = 8349233B2A05AEF5004CBDEF /* BackendSupportClient.swift */; };
		834923552A05AEF5004CBDEF /* BackendSyncWorker.swift in Sources */ = {isa = PBXBuildFile; fileRef = 8349233C2A05AEF5004CBDEF /* BackendSyncWorker.swift */; };
		834923562A05AEF5004CBDEF /* BaseIntegrationDashboard.swift in Sources */ = {isa = PBXBuildFile; fileRef = 8349233E2A05AEF5004CBDEF /* BaseIntegrationDashboard.swift */; };
		834923962A05AF23004CBDEF /* LinkdingSettingsView.swift in Sources */ = {isa = PBXBuildFile; fileRef = 8349235C2A05AF23004CBDEF /* LinkdingSettingsView.swift */; };
		834923972A05AF23004CBDEF /* LinkdingDashboardView.swift in Sources */ = {isa = PBXBuildFile; fileRef = 8349235E2A05AF23004CBDEF /* LinkdingDashboardView.swift */; };
		834923982A05AF23004CBDEF /* LinkdingTagBookmarksView.swift in Sources */ = {isa = PBXBuildFile; fileRef = 834923602A05AF23004CBDEF /* LinkdingTagBookmarksView.swift */; };
		834923992A05AF23004CBDEF /* LinkdingTagsTabView.swift in Sources */ = {isa = PBXBuildFile; fileRef = 834923612A05AF23004CBDEF /* LinkdingTagsTabView.swift */; };
		8349239A2A05AF23004CBDEF /* CreateTagView.swift in Sources */ = {isa = PBXBuildFile; fileRef = 834923622A05AF23004CBDEF /* CreateTagView.swift */; };
		8349239B2A05AF23004CBDEF /* FilterTagView.swift in Sources */ = {isa = PBXBuildFile; fileRef = 834923632A05AF23004CBDEF /* FilterTagView.swift */; };
		8349239C2A05AF23004CBDEF /* LinkdingBookmarkTabView.swift in Sources */ = {isa = PBXBuildFile; fileRef = 834923652A05AF23004CBDEF /* LinkdingBookmarkTabView.swift */; };
		8349239D2A05AF23004CBDEF /* BookmarkEditor.swift in Sources */ = {isa = PBXBuildFile; fileRef = 834923672A05AF23004CBDEF /* BookmarkEditor.swift */; };
		8349239E2A05AF23004CBDEF /* LinkdingBookmarkTabSettingsView.swift in Sources */ = {isa = PBXBuildFile; fileRef = 834923692A05AF23004CBDEF /* LinkdingBookmarkTabSettingsView.swift */; };
		8349239F2A05AF23004CBDEF /* LinkdingCreateBookmarkView.swift in Sources */ = {isa = PBXBuildFile; fileRef = 8349236B2A05AF23004CBDEF /* LinkdingCreateBookmarkView.swift */; };
		834923A02A05AF23004CBDEF /* SelectTagsView.swift in Sources */ = {isa = PBXBuildFile; fileRef = 8349236C2A05AF23004CBDEF /* SelectTagsView.swift */; };
		834923A12A05AF23004CBDEF /* LinkdingSettingKeys.swift in Sources */ = {isa = PBXBuildFile; fileRef = 8349236E2A05AF23004CBDEF /* LinkdingSettingKeys.swift */; };
		834923A22A05AF23004CBDEF /* LinkdingSettingsValidator.swift in Sources */ = {isa = PBXBuildFile; fileRef = 8349236F2A05AF23004CBDEF /* LinkdingSettingsValidator.swift */; };
		834923A32A05AF23004CBDEF /* AccessTokenMigrationToAppGroup.swift in Sources */ = {isa = PBXBuildFile; fileRef = 834923712A05AF23004CBDEF /* AccessTokenMigrationToAppGroup.swift */; };
		834923A42A05AF23004CBDEF /* SortOrder.swift in Sources */ = {isa = PBXBuildFile; fileRef = 834923732A05AF23004CBDEF /* SortOrder.swift */; };
		834923A52A05AF23004CBDEF /* BookmarkSorter.swift in Sources */ = {isa = PBXBuildFile; fileRef = 834923742A05AF23004CBDEF /* BookmarkSorter.swift */; };
		834923A62A05AF23004CBDEF /* SortField.swift in Sources */ = {isa = PBXBuildFile; fileRef = 834923752A05AF23004CBDEF /* SortField.swift */; };
		834923A72A05AF23004CBDEF /* LinkdingPersistenceController.swift in Sources */ = {isa = PBXBuildFile; fileRef = 834923762A05AF23004CBDEF /* LinkdingPersistenceController.swift */; };
		834923A82A05AF23004CBDEF /* LinkdingModel1To2.xcmappingmodel in Sources */ = {isa = PBXBuildFile; fileRef = 834923792A05AF23004CBDEF /* LinkdingModel1To2.xcmappingmodel */; };
		834923A92A05AF23004CBDEF /* LinkdingModel1To2.swift in Sources */ = {isa = PBXBuildFile; fileRef = 8349237A2A05AF23004CBDEF /* LinkdingModel1To2.swift */; };
		834923AA2A05AF23004CBDEF /* PersistenceHistoryMerger.swift in Sources */ = {isa = PBXBuildFile; fileRef = 8349237B2A05AF23004CBDEF /* PersistenceHistoryMerger.swift */; };
		834923AB2A05AF23004CBDEF /* PersistenceHistoryCleaner.swift in Sources */ = {isa = PBXBuildFile; fileRef = 8349237C2A05AF23004CBDEF /* PersistenceHistoryCleaner.swift */; };
		834923AC2A05AF23004CBDEF /* PersistenceHistoryFetcher.swift in Sources */ = {isa = PBXBuildFile; fileRef = 8349237D2A05AF23004CBDEF /* PersistenceHistoryFetcher.swift */; };
		834923AD2A05AF23004CBDEF /* PersistenceHistoryObserver.swift in Sources */ = {isa = PBXBuildFile; fileRef = 8349237E2A05AF23004CBDEF /* PersistenceHistoryObserver.swift */; };
		834923AE2A05AF23004CBDEF /* TagModel.swift in Sources */ = {isa = PBXBuildFile; fileRef = 834923802A05AF23004CBDEF /* TagModel.swift */; };
		834923AF2A05AF23004CBDEF /* BookmarkModel.swift in Sources */ = {isa = PBXBuildFile; fileRef = 834923812A05AF23004CBDEF /* BookmarkModel.swift */; };
		834923B02A05AF23004CBDEF /* LinkdingBookmarkUpdateDto.swift in Sources */ = {isa = PBXBuildFile; fileRef = 834923832A05AF23004CBDEF /* LinkdingBookmarkUpdateDto.swift */; };
		834923B12A05AF23004CBDEF /* LinkdingTagDto.swift in Sources */ = {isa = PBXBuildFile; fileRef = 834923842A05AF23004CBDEF /* LinkdingTagDto.swift */; };
		834923B22A05AF23004CBDEF /* LinkdingApiClient.swift in Sources */ = {isa = PBXBuildFile; fileRef = 834923852A05AF23004CBDEF /* LinkdingApiClient.swift */; };
		834923B32A05AF23004CBDEF /* LinkdingTagUpdateDto.swift in Sources */ = {isa = PBXBuildFile; fileRef = 834923862A05AF23004CBDEF /* LinkdingTagUpdateDto.swift */; };
		834923B42A05AF23004CBDEF /* LinkdingBookmarkDto.swift in Sources */ = {isa = PBXBuildFile; fileRef = 834923872A05AF23004CBDEF /* LinkdingBookmarkDto.swift */; };
		834923B52A05AF23004CBDEF /* LinkdingModel.xcdatamodeld in Sources */ = {isa = PBXBuildFile; fileRef = 834923882A05AF23004CBDEF /* LinkdingModel.xcdatamodeld */; };
		834923B62A05AF23004CBDEF /* LinkdingSyncClient.swift in Sources */ = {isa = PBXBuildFile; fileRef = 8349238C2A05AF23004CBDEF /* LinkdingSyncClient.swift */; };
		834923B72A05AF23004CBDEF /* LinkdingBookmarkEntity.swift in Sources */ = {isa = PBXBuildFile; fileRef = 8349238F2A05AF23004CBDEF /* LinkdingBookmarkEntity.swift */; };
		834923B82A05AF23004CBDEF /* LinkdingBookmarkRepository.swift in Sources */ = {isa = PBXBuildFile; fileRef = 834923902A05AF23004CBDEF /* LinkdingBookmarkRepository.swift */; };
		834923B92A05AF23004CBDEF /* LinkdingBookmarkStore.swift in Sources */ = {isa = PBXBuildFile; fileRef = 834923912A05AF23004CBDEF /* LinkdingBookmarkStore.swift */; };
		834923BA2A05AF23004CBDEF /* LinkdingTagStore.swift in Sources */ = {isa = PBXBuildFile; fileRef = 834923932A05AF23004CBDEF /* LinkdingTagStore.swift */; };
		834923BB2A05AF23004CBDEF /* LinkdingTagRepository.swift in Sources */ = {isa = PBXBuildFile; fileRef = 834923942A05AF23004CBDEF /* LinkdingTagRepository.swift */; };
		834923BC2A05AF23004CBDEF /* LinkdingTagEntity.swift in Sources */ = {isa = PBXBuildFile; fileRef = 834923952A05AF23004CBDEF /* LinkdingTagEntity.swift */; };
		834923BF2A05AF53004CBDEF /* CoreDataMigration1To2Test.swift in Sources */ = {isa = PBXBuildFile; fileRef = 83C055AB2964D5CA00550D73 /* CoreDataMigration1To2Test.swift */; };
		835E60952907F47700E86AFE /* BookmarkCompanionApp.swift in Sources */ = {isa = PBXBuildFile; fileRef = 835E60942907F47700E86AFE /* BookmarkCompanionApp.swift */; };
		835E60992907F47800E86AFE /* Assets.xcassets in Resources */ = {isa = PBXBuildFile; fileRef = 835E60982907F47800E86AFE /* Assets.xcassets */; };
		835E609C2907F47800E86AFE /* Preview Assets.xcassets in Resources */ = {isa = PBXBuildFile; fileRef = 835E609B2907F47800E86AFE /* Preview Assets.xcassets */; };
		835E609E2907F47800E86AFE /* Persistence.swift in Sources */ = {isa = PBXBuildFile; fileRef = 835E609D2907F47800E86AFE /* Persistence.swift */; };
		835E60A12907F47800E86AFE /* BookmarkCompanion.xcdatamodeld in Sources */ = {isa = PBXBuildFile; fileRef = 835E609F2907F47800E86AFE /* BookmarkCompanion.xcdatamodeld */; };
		837009BE29154860006D2A05 /* ShareBookmarkContainerView.swift in Sources */ = {isa = PBXBuildFile; fileRef = 837009BD29154860006D2A05 /* ShareBookmarkContainerView.swift */; };
		83C4708F2A05B940006F6E8F /* MainView.swift in Sources */ = {isa = PBXBuildFile; fileRef = 83C4708E2A05B940006F6E8F /* MainView.swift */; };
		83C470912A05B9D1006F6E8F /* ConfigurationView.swift in Sources */ = {isa = PBXBuildFile; fileRef = 5A4161602285F2D4AED500B1 /* ConfigurationView.swift */; };
		83C470922A05B9D5006F6E8F /* InitialConfiguration.swift in Sources */ = {isa = PBXBuildFile; fileRef = 5A416311A9AD15CD6172C872 /* InitialConfiguration.swift */; };
		83C470932A05B9DD006F6E8F /* IntegrationDashboardView.swift in Sources */ = {isa = PBXBuildFile; fileRef = 83666D232968C2F80043E6B6 /* IntegrationDashboardView.swift */; };
/* End PBXBuildFile section */

/* Begin PBXContainerItemProxy section */
		83017F3E2910313800C341D2 /* PBXContainerItemProxy */ = {
			isa = PBXContainerItemProxy;
			containerPortal = 835E60892907F47700E86AFE /* Project object */;
			proxyType = 1;
			remoteGlobalIDString = 83017F352910313800C341D2;
			remoteInfo = ShareExtension;
		};
		8339E85A2A05AFDF003E7762 /* PBXContainerItemProxy */ = {
			isa = PBXContainerItemProxy;
			containerPortal = 835E60892907F47700E86AFE /* Project object */;
			proxyType = 1;
			remoteGlobalIDString = 834922FA2A05AE6A004CBDEF;
			remoteInfo = Application;
		};
		834923042A05AE6A004CBDEF /* PBXContainerItemProxy */ = {
			isa = PBXContainerItemProxy;
			containerPortal = 835E60892907F47700E86AFE /* Project object */;
			proxyType = 1;
			remoteGlobalIDString = 834922FA2A05AE6A004CBDEF;
			remoteInfo = Application;
		};
		834923062A05AE6A004CBDEF /* PBXContainerItemProxy */ = {
			isa = PBXContainerItemProxy;
			containerPortal = 835E60892907F47700E86AFE /* Project object */;
			proxyType = 1;
			remoteGlobalIDString = 835E60902907F47700E86AFE;
			remoteInfo = BookmarkCompanion;
		};
		8349230C2A05AE6A004CBDEF /* PBXContainerItemProxy */ = {
			isa = PBXContainerItemProxy;
			containerPortal = 835E60892907F47700E86AFE /* Project object */;
			proxyType = 1;
			remoteGlobalIDString = 834922FA2A05AE6A004CBDEF;
			remoteInfo = Application;
		};
/* End PBXContainerItemProxy section */

/* Begin PBXCopyFilesBuildPhase section */
		83017F402910313800C341D2 /* Embed Foundation Extensions */ = {
			isa = PBXCopyFilesBuildPhase;
			buildActionMask = 2147483647;
			dstPath = "";
			dstSubfolderSpec = 13;
			files = (
				83017F412910313800C341D2 /* ShareExtension.appex in Embed Foundation Extensions */,
			);
			name = "Embed Foundation Extensions";
			runOnlyForDeploymentPostprocessing = 0;
		};
		83DE86602946230A00E871FC /* Embed Frameworks */ = {
			isa = PBXCopyFilesBuildPhase;
			buildActionMask = 2147483647;
			dstPath = "";
			dstSubfolderSpec = 10;
			files = (
				8349230F2A05AE6A004CBDEF /* CompanionApplication.framework in Embed Frameworks */,
			);
			name = "Embed Frameworks";
			runOnlyForDeploymentPostprocessing = 0;
		};
/* End PBXCopyFilesBuildPhase section */

/* Begin PBXFileReference section */
		5A4161602285F2D4AED500B1 /* ConfigurationView.swift */ = {isa = PBXFileReference; fileEncoding = 4; lastKnownFileType = sourcecode.swift; path = ConfigurationView.swift; sourceTree = "<group>"; };
		5A4161EFDF39D0DE717C77CC /* ShareBookmarkTagSelect.swift */ = {isa = PBXFileReference; fileEncoding = 4; lastKnownFileType = sourcecode.swift; path = ShareBookmarkTagSelect.swift; sourceTree = "<group>"; };
		5A4162A17A1F70D9DB146D55 /* ActivationRule.md */ = {isa = PBXFileReference; fileEncoding = 4; lastKnownFileType = net.daringfireball.markdown; path = ActivationRule.md; sourceTree = "<group>"; };
		5A416311A9AD15CD6172C872 /* InitialConfiguration.swift */ = {isa = PBXFileReference; fileEncoding = 4; lastKnownFileType = sourcecode.swift; path = InitialConfiguration.swift; sourceTree = "<group>"; };
		5A4166410BFBB493C63D53C4 /* appstore-download.svg */ = {isa = PBXFileReference; lastKnownFileType = file.svg; path = "appstore-download.svg"; sourceTree = "<group>"; };
		5A416AC0C47832EDBE977C5E /* ShareBookmarkCreate.swift */ = {isa = PBXFileReference; fileEncoding = 4; lastKnownFileType = sourcecode.swift; path = ShareBookmarkCreate.swift; sourceTree = "<group>"; };
		5A416AFED161E2B9AF558796 /* README.md */ = {isa = PBXFileReference; fileEncoding = 4; lastKnownFileType = net.daringfireball.markdown; path = README.md; sourceTree = "<group>"; };
		5A416C8FF3B046609B48E5D2 /* LICENSE.md */ = {isa = PBXFileReference; fileEncoding = 4; lastKnownFileType = net.daringfireball.markdown; path = LICENSE.md; sourceTree = "<group>"; };
		83017F362910313800C341D2 /* ShareExtension.appex */ = {isa = PBXFileReference; explicitFileType = "wrapper.app-extension"; includeInIndex = 0; path = ShareExtension.appex; sourceTree = BUILT_PRODUCTS_DIR; };
		83017F382910313800C341D2 /* ShareViewController.swift */ = {isa = PBXFileReference; lastKnownFileType = sourcecode.swift; path = ShareViewController.swift; sourceTree = "<group>"; };
		83017F3D2910313800C341D2 /* Info.plist */ = {isa = PBXFileReference; lastKnownFileType = text.plist.xml; path = Info.plist; sourceTree = "<group>"; };
		83017F472910314800C341D2 /* ShareExtension.entitlements */ = {isa = PBXFileReference; lastKnownFileType = text.plist.entitlements; path = ShareExtension.entitlements; sourceTree = "<group>"; };
		83038DA52981BB6F00A1FA15 /* Structure.md */ = {isa = PBXFileReference; lastKnownFileType = net.daringfireball.markdown; path = Structure.md; sourceTree = "<group>"; };
		8305572B2946371C007E128A /* Config.xcconfig */ = {isa = PBXFileReference; lastKnownFileType = text.xcconfig; path = Config.xcconfig; sourceTree = "<group>"; };
		8312CF4E29100EED00CE3C1C /* BookmarkCompanion.entitlements */ = {isa = PBXFileReference; lastKnownFileType = text.plist.entitlements; path = BookmarkCompanion.entitlements; sourceTree = "<group>"; };
		834922FB2A05AE6A004CBDEF /* CompanionApplication.framework */ = {isa = PBXFileReference; explicitFileType = wrapper.framework; includeInIndex = 0; path = CompanionApplication.framework; sourceTree = BUILT_PRODUCTS_DIR; };
		834922FD2A05AE6A004CBDEF /* Application.h */ = {isa = PBXFileReference; lastKnownFileType = sourcecode.c.h; path = Application.h; sourceTree = "<group>"; };
		834923022A05AE6A004CBDEF /* CompanionApplicationTests.xctest */ = {isa = PBXFileReference; explicitFileType = wrapper.cfbundle; includeInIndex = 0; path = CompanionApplicationTests.xctest; sourceTree = BUILT_PRODUCTS_DIR; };
		834923092A05AE6A004CBDEF /* ApplicationTests.swift */ = {isa = PBXFileReference; lastKnownFileType = sourcecode.swift; path = ApplicationTests.swift; sourceTree = "<group>"; };
		8349231B2A05AEF5004CBDEF /* SharedSettingKeys.swift */ = {isa = PBXFileReference; fileEncoding = 4; lastKnownFileType = sourcecode.swift; path = SharedSettingKeys.swift; sourceTree = "<group>"; };
		8349231C2A05AEF5004CBDEF /* SecureSettingsError.swift */ = {isa = PBXFileReference; fileEncoding = 4; lastKnownFileType = sourcecode.swift; path = SecureSettingsError.swift; sourceTree = "<group>"; };
		8349231D2A05AEF5004CBDEF /* SecureSettingsSupport.swift */ = {isa = PBXFileReference; fileEncoding = 4; lastKnownFileType = sourcecode.swift; path = SecureSettingsSupport.swift; sourceTree = "<group>"; };
		8349231E2A05AEF5004CBDEF /* AppStorageSupport.swift */ = {isa = PBXFileReference; fileEncoding = 4; lastKnownFileType = sourcecode.swift; path = AppStorageSupport.swift; sourceTree = "<group>"; };
		834923202A05AEF5004CBDEF /* GlobalSettingKeys.swift */ = {isa = PBXFileReference; fileEncoding = 4; lastKnownFileType = sourcecode.swift; path = GlobalSettingKeys.swift; sourceTree = "<group>"; };
		834923212A05AEF5004CBDEF /* Integrations.swift */ = {isa = PBXFileReference; fileEncoding = 4; lastKnownFileType = sourcecode.swift; path = Integrations.swift; sourceTree = "<group>"; };
		834923232A05AEF5004CBDEF /* View.swift */ = {isa = PBXFileReference; fileEncoding = 4; lastKnownFileType = sourcecode.swift; path = View.swift; sourceTree = "<group>"; };
		834923262A05AEF5004CBDEF /* ConfigurationButton.swift */ = {isa = PBXFileReference; fileEncoding = 4; lastKnownFileType = sourcecode.swift; path = ConfigurationButton.swift; sourceTree = "<group>"; };
		834923282A05AEF5004CBDEF /* UrlLinkView.swift */ = {isa = PBXFileReference; fileEncoding = 4; lastKnownFileType = sourcecode.swift; path = UrlLinkView.swift; sourceTree = "<group>"; };
		834923292A05AEF5004CBDEF /* BookmarkView.swift */ = {isa = PBXFileReference; fileEncoding = 4; lastKnownFileType = sourcecode.swift; path = BookmarkView.swift; sourceTree = "<group>"; };
		8349232A2A05AEF5004CBDEF /* BookmarkTagsView.swift */ = {isa = PBXFileReference; fileEncoding = 4; lastKnownFileType = sourcecode.swift; path = BookmarkTagsView.swift; sourceTree = "<group>"; };
		8349232B2A05AEF5004CBDEF /* BookmarkListView.swift */ = {isa = PBXFileReference; fileEncoding = 4; lastKnownFileType = sourcecode.swift; path = BookmarkListView.swift; sourceTree = "<group>"; };
		8349232D2A05AEF5004CBDEF /* WebView.swift */ = {isa = PBXFileReference; fileEncoding = 4; lastKnownFileType = sourcecode.swift; path = WebView.swift; sourceTree = "<group>"; };
		8349232F2A05AEF5004CBDEF /* CommonSelectListView.swift */ = {isa = PBXFileReference; fileEncoding = 4; lastKnownFileType = sourcecode.swift; path = CommonSelectListView.swift; sourceTree = "<group>"; };
		834923302A05AEF5004CBDEF /* SelectableListItemView.swift */ = {isa = PBXFileReference; fileEncoding = 4; lastKnownFileType = sourcecode.swift; path = SelectableListItemView.swift; sourceTree = "<group>"; };
		834923322A05AEF5004CBDEF /* SyncErrorView.swift */ = {isa = PBXFileReference; fileEncoding = 4; lastKnownFileType = sourcecode.swift; path = SyncErrorView.swift; sourceTree = "<group>"; };
		834923332A05AEF5004CBDEF /* ErrorView.swift */ = {isa = PBXFileReference; fileEncoding = 4; lastKnownFileType = sourcecode.swift; path = ErrorView.swift; sourceTree = "<group>"; };
		834923352A05AEF5004CBDEF /* TagView.swift */ = {isa = PBXFileReference; fileEncoding = 4; lastKnownFileType = sourcecode.swift; path = TagView.swift; sourceTree = "<group>"; };
		834923362A05AEF5004CBDEF /* TagListView.swift */ = {isa = PBXFileReference; fileEncoding = 4; lastKnownFileType = sourcecode.swift; path = TagListView.swift; sourceTree = "<group>"; };
		834923382A05AEF5004CBDEF /* Bookmark.swift */ = {isa = PBXFileReference; fileEncoding = 4; lastKnownFileType = sourcecode.swift; path = Bookmark.swift; sourceTree = "<group>"; };
		834923392A05AEF5004CBDEF /* Tag.swift */ = {isa = PBXFileReference; fileEncoding = 4; lastKnownFileType = sourcecode.swift; path = Tag.swift; sourceTree = "<group>"; };
		8349233B2A05AEF5004CBDEF /* BackendSupportClient.swift */ = {isa = PBXFileReference; fileEncoding = 4; lastKnownFileType = sourcecode.swift; path = BackendSupportClient.swift; sourceTree = "<group>"; };
		8349233C2A05AEF5004CBDEF /* BackendSyncWorker.swift */ = {isa = PBXFileReference; fileEncoding = 4; lastKnownFileType = sourcecode.swift; path = BackendSyncWorker.swift; sourceTree = "<group>"; };
		8349233E2A05AEF5004CBDEF /* BaseIntegrationDashboard.swift */ = {isa = PBXFileReference; fileEncoding = 4; lastKnownFileType = sourcecode.swift; path = BaseIntegrationDashboard.swift; sourceTree = "<group>"; };
		8349235C2A05AF23004CBDEF /* LinkdingSettingsView.swift */ = {isa = PBXFileReference; fileEncoding = 4; lastKnownFileType = sourcecode.swift; path = LinkdingSettingsView.swift; sourceTree = "<group>"; };
		8349235E2A05AF23004CBDEF /* LinkdingDashboardView.swift */ = {isa = PBXFileReference; fileEncoding = 4; lastKnownFileType = sourcecode.swift; path = LinkdingDashboardView.swift; sourceTree = "<group>"; };
		834923602A05AF23004CBDEF /* LinkdingTagBookmarksView.swift */ = {isa = PBXFileReference; fileEncoding = 4; lastKnownFileType = sourcecode.swift; path = LinkdingTagBookmarksView.swift; sourceTree = "<group>"; };
		834923612A05AF23004CBDEF /* LinkdingTagsTabView.swift */ = {isa = PBXFileReference; fileEncoding = 4; lastKnownFileType = sourcecode.swift; path = LinkdingTagsTabView.swift; sourceTree = "<group>"; };
		834923622A05AF23004CBDEF /* CreateTagView.swift */ = {isa = PBXFileReference; fileEncoding = 4; lastKnownFileType = sourcecode.swift; path = CreateTagView.swift; sourceTree = "<group>"; };
		834923632A05AF23004CBDEF /* FilterTagView.swift */ = {isa = PBXFileReference; fileEncoding = 4; lastKnownFileType = sourcecode.swift; path = FilterTagView.swift; sourceTree = "<group>"; };
		834923652A05AF23004CBDEF /* LinkdingBookmarkTabView.swift */ = {isa = PBXFileReference; fileEncoding = 4; lastKnownFileType = sourcecode.swift; path = LinkdingBookmarkTabView.swift; sourceTree = "<group>"; };
		834923672A05AF23004CBDEF /* BookmarkEditor.swift */ = {isa = PBXFileReference; fileEncoding = 4; lastKnownFileType = sourcecode.swift; path = BookmarkEditor.swift; sourceTree = "<group>"; };
		834923692A05AF23004CBDEF /* LinkdingBookmarkTabSettingsView.swift */ = {isa = PBXFileReference; fileEncoding = 4; lastKnownFileType = sourcecode.swift; path = LinkdingBookmarkTabSettingsView.swift; sourceTree = "<group>"; };
		8349236B2A05AF23004CBDEF /* LinkdingCreateBookmarkView.swift */ = {isa = PBXFileReference; fileEncoding = 4; lastKnownFileType = sourcecode.swift; path = LinkdingCreateBookmarkView.swift; sourceTree = "<group>"; };
		8349236C2A05AF23004CBDEF /* SelectTagsView.swift */ = {isa = PBXFileReference; fileEncoding = 4; lastKnownFileType = sourcecode.swift; path = SelectTagsView.swift; sourceTree = "<group>"; };
		8349236E2A05AF23004CBDEF /* LinkdingSettingKeys.swift */ = {isa = PBXFileReference; fileEncoding = 4; lastKnownFileType = sourcecode.swift; path = LinkdingSettingKeys.swift; sourceTree = "<group>"; };
		8349236F2A05AF23004CBDEF /* LinkdingSettingsValidator.swift */ = {isa = PBXFileReference; fileEncoding = 4; lastKnownFileType = sourcecode.swift; path = LinkdingSettingsValidator.swift; sourceTree = "<group>"; };
		834923712A05AF23004CBDEF /* AccessTokenMigrationToAppGroup.swift */ = {isa = PBXFileReference; fileEncoding = 4; lastKnownFileType = sourcecode.swift; path = AccessTokenMigrationToAppGroup.swift; sourceTree = "<group>"; };
		834923732A05AF23004CBDEF /* SortOrder.swift */ = {isa = PBXFileReference; fileEncoding = 4; lastKnownFileType = sourcecode.swift; path = SortOrder.swift; sourceTree = "<group>"; };
		834923742A05AF23004CBDEF /* BookmarkSorter.swift */ = {isa = PBXFileReference; fileEncoding = 4; lastKnownFileType = sourcecode.swift; path = BookmarkSorter.swift; sourceTree = "<group>"; };
		834923752A05AF23004CBDEF /* SortField.swift */ = {isa = PBXFileReference; fileEncoding = 4; lastKnownFileType = sourcecode.swift; path = SortField.swift; sourceTree = "<group>"; };
		834923762A05AF23004CBDEF /* LinkdingPersistenceController.swift */ = {isa = PBXFileReference; fileEncoding = 4; lastKnownFileType = sourcecode.swift; path = LinkdingPersistenceController.swift; sourceTree = "<group>"; };
		834923792A05AF23004CBDEF /* LinkdingModel1To2.xcmappingmodel */ = {isa = PBXFileReference; lastKnownFileType = wrapper.xcmappingmodel; path = LinkdingModel1To2.xcmappingmodel; sourceTree = "<group>"; };
		8349237A2A05AF23004CBDEF /* LinkdingModel1To2.swift */ = {isa = PBXFileReference; fileEncoding = 4; lastKnownFileType = sourcecode.swift; path = LinkdingModel1To2.swift; sourceTree = "<group>"; };
		8349237B2A05AF23004CBDEF /* PersistenceHistoryMerger.swift */ = {isa = PBXFileReference; fileEncoding = 4; lastKnownFileType = sourcecode.swift; path = PersistenceHistoryMerger.swift; sourceTree = "<group>"; };
		8349237C2A05AF23004CBDEF /* PersistenceHistoryCleaner.swift */ = {isa = PBXFileReference; fileEncoding = 4; lastKnownFileType = sourcecode.swift; path = PersistenceHistoryCleaner.swift; sourceTree = "<group>"; };
		8349237D2A05AF23004CBDEF /* PersistenceHistoryFetcher.swift */ = {isa = PBXFileReference; fileEncoding = 4; lastKnownFileType = sourcecode.swift; path = PersistenceHistoryFetcher.swift; sourceTree = "<group>"; };
		8349237E2A05AF23004CBDEF /* PersistenceHistoryObserver.swift */ = {isa = PBXFileReference; fileEncoding = 4; lastKnownFileType = sourcecode.swift; path = PersistenceHistoryObserver.swift; sourceTree = "<group>"; };
		834923802A05AF23004CBDEF /* TagModel.swift */ = {isa = PBXFileReference; fileEncoding = 4; lastKnownFileType = sourcecode.swift; path = TagModel.swift; sourceTree = "<group>"; };
		834923812A05AF23004CBDEF /* BookmarkModel.swift */ = {isa = PBXFileReference; fileEncoding = 4; lastKnownFileType = sourcecode.swift; path = BookmarkModel.swift; sourceTree = "<group>"; };
		834923832A05AF23004CBDEF /* LinkdingBookmarkUpdateDto.swift */ = {isa = PBXFileReference; fileEncoding = 4; lastKnownFileType = sourcecode.swift; path = LinkdingBookmarkUpdateDto.swift; sourceTree = "<group>"; };
		834923842A05AF23004CBDEF /* LinkdingTagDto.swift */ = {isa = PBXFileReference; fileEncoding = 4; lastKnownFileType = sourcecode.swift; path = LinkdingTagDto.swift; sourceTree = "<group>"; };
		834923852A05AF23004CBDEF /* LinkdingApiClient.swift */ = {isa = PBXFileReference; fileEncoding = 4; lastKnownFileType = sourcecode.swift; path = LinkdingApiClient.swift; sourceTree = "<group>"; };
		834923862A05AF23004CBDEF /* LinkdingTagUpdateDto.swift */ = {isa = PBXFileReference; fileEncoding = 4; lastKnownFileType = sourcecode.swift; path = LinkdingTagUpdateDto.swift; sourceTree = "<group>"; };
		834923872A05AF23004CBDEF /* LinkdingBookmarkDto.swift */ = {isa = PBXFileReference; fileEncoding = 4; lastKnownFileType = sourcecode.swift; path = LinkdingBookmarkDto.swift; sourceTree = "<group>"; };
		834923892A05AF23004CBDEF /* LinkdingModel.xcdatamodel */ = {isa = PBXFileReference; lastKnownFileType = wrapper.xcdatamodel; path = LinkdingModel.xcdatamodel; sourceTree = "<group>"; };
		8349238A2A05AF23004CBDEF /* LinkdingModel 2.xcdatamodel */ = {isa = PBXFileReference; lastKnownFileType = wrapper.xcdatamodel; path = "LinkdingModel 2.xcdatamodel"; sourceTree = "<group>"; };
		8349238C2A05AF23004CBDEF /* LinkdingSyncClient.swift */ = {isa = PBXFileReference; fileEncoding = 4; lastKnownFileType = sourcecode.swift; path = LinkdingSyncClient.swift; sourceTree = "<group>"; };
		8349238F2A05AF23004CBDEF /* LinkdingBookmarkEntity.swift */ = {isa = PBXFileReference; fileEncoding = 4; lastKnownFileType = sourcecode.swift; path = LinkdingBookmarkEntity.swift; sourceTree = "<group>"; };
		834923902A05AF23004CBDEF /* LinkdingBookmarkRepository.swift */ = {isa = PBXFileReference; fileEncoding = 4; lastKnownFileType = sourcecode.swift; path = LinkdingBookmarkRepository.swift; sourceTree = "<group>"; };
		834923912A05AF23004CBDEF /* LinkdingBookmarkStore.swift */ = {isa = PBXFileReference; fileEncoding = 4; lastKnownFileType = sourcecode.swift; path = LinkdingBookmarkStore.swift; sourceTree = "<group>"; };
		834923932A05AF23004CBDEF /* LinkdingTagStore.swift */ = {isa = PBXFileReference; fileEncoding = 4; lastKnownFileType = sourcecode.swift; path = LinkdingTagStore.swift; sourceTree = "<group>"; };
		834923942A05AF23004CBDEF /* LinkdingTagRepository.swift */ = {isa = PBXFileReference; fileEncoding = 4; lastKnownFileType = sourcecode.swift; path = LinkdingTagRepository.swift; sourceTree = "<group>"; };
		834923952A05AF23004CBDEF /* LinkdingTagEntity.swift */ = {isa = PBXFileReference; fileEncoding = 4; lastKnownFileType = sourcecode.swift; path = LinkdingTagEntity.swift; sourceTree = "<group>"; };
		835E60912907F47700E86AFE /* BookmarkCompanion.app */ = {isa = PBXFileReference; explicitFileType = wrapper.application; includeInIndex = 0; path = BookmarkCompanion.app; sourceTree = BUILT_PRODUCTS_DIR; };
		835E60942907F47700E86AFE /* BookmarkCompanionApp.swift */ = {isa = PBXFileReference; lastKnownFileType = sourcecode.swift; path = BookmarkCompanionApp.swift; sourceTree = "<group>"; };
		835E60982907F47800E86AFE /* Assets.xcassets */ = {isa = PBXFileReference; lastKnownFileType = folder.assetcatalog; path = Assets.xcassets; sourceTree = "<group>"; };
		835E609B2907F47800E86AFE /* Preview Assets.xcassets */ = {isa = PBXFileReference; lastKnownFileType = folder.assetcatalog; path = "Preview Assets.xcassets"; sourceTree = "<group>"; };
		835E609D2907F47800E86AFE /* Persistence.swift */ = {isa = PBXFileReference; lastKnownFileType = sourcecode.swift; path = Persistence.swift; sourceTree = "<group>"; };
		835E60A02907F47800E86AFE /* BookmarkCompanion.xcdatamodel */ = {isa = PBXFileReference; lastKnownFileType = wrapper.xcdatamodel; path = BookmarkCompanion.xcdatamodel; sourceTree = "<group>"; };
		83666D232968C2F80043E6B6 /* IntegrationDashboardView.swift */ = {isa = PBXFileReference; lastKnownFileType = sourcecode.swift; path = IntegrationDashboardView.swift; sourceTree = "<group>"; };
		837009BD29154860006D2A05 /* ShareBookmarkContainerView.swift */ = {isa = PBXFileReference; lastKnownFileType = sourcecode.swift; path = ShareBookmarkContainerView.swift; sourceTree = "<group>"; };
		83B06F1329105C600032F6FE /* Info.plist */ = {isa = PBXFileReference; lastKnownFileType = text.plist; path = Info.plist; sourceTree = "<group>"; };
		83C055AB2964D5CA00550D73 /* CoreDataMigration1To2Test.swift */ = {isa = PBXFileReference; lastKnownFileType = sourcecode.swift; path = CoreDataMigration1To2Test.swift; sourceTree = "<group>"; };
		83C4708E2A05B940006F6E8F /* MainView.swift */ = {isa = PBXFileReference; lastKnownFileType = sourcecode.swift; path = MainView.swift; sourceTree = "<group>"; };
		83D49631297C2F0500CBF95F /* screenshot_ipad.png */ = {isa = PBXFileReference; lastKnownFileType = image.png; path = screenshot_ipad.png; sourceTree = "<group>"; };
		83D49632297C2F0500CBF95F /* screenshot_iphone.png */ = {isa = PBXFileReference; lastKnownFileType = image.png; path = screenshot_iphone.png; sourceTree = "<group>"; };
		83D49634297C2F2B00CBF95F /* Release.md */ = {isa = PBXFileReference; lastKnownFileType = net.daringfireball.markdown; path = Release.md; sourceTree = "<group>"; };
/* End PBXFileReference section */

/* Begin PBXFrameworksBuildPhase section */
		83017F332910313800C341D2 /* Frameworks */ = {
			isa = PBXFrameworksBuildPhase;
			buildActionMask = 2147483647;
			files = (
				8339E8582A05AFDF003E7762 /* CompanionApplication.framework in Frameworks */,
			);
			runOnlyForDeploymentPostprocessing = 0;
		};
		834922F82A05AE6A004CBDEF /* Frameworks */ = {
			isa = PBXFrameworksBuildPhase;
			buildActionMask = 2147483647;
			files = (
			);
			runOnlyForDeploymentPostprocessing = 0;
		};
		834922FF2A05AE6A004CBDEF /* Frameworks */ = {
			isa = PBXFrameworksBuildPhase;
			buildActionMask = 2147483647;
			files = (
				834923032A05AE6A004CBDEF /* CompanionApplication.framework in Frameworks */,
			);
			runOnlyForDeploymentPostprocessing = 0;
		};
		835E608E2907F47700E86AFE /* Frameworks */ = {
			isa = PBXFrameworksBuildPhase;
			buildActionMask = 2147483647;
			files = (
				8349230E2A05AE6A004CBDEF /* CompanionApplication.framework in Frameworks */,
			);
			runOnlyForDeploymentPostprocessing = 0;
		};
/* End PBXFrameworksBuildPhase section */

/* Begin PBXGroup section */
		5A416452B67C39C8F4F417A4 /* config */ = {
			isa = PBXGroup;
			children = (
				5A4161602285F2D4AED500B1 /* ConfigurationView.swift */,
			);
			path = config;
			sourceTree = "<group>";
		};
		5A4166D646DB81C6EAAAF96B /* onboarding */ = {
			isa = PBXGroup;
			children = (
				5A416311A9AD15CD6172C872 /* InitialConfiguration.swift */,
			);
			path = onboarding;
			sourceTree = "<group>";
		};
		83017F372910313800C341D2 /* ShareExtension */ = {
			isa = PBXGroup;
			children = (
				83017F472910314800C341D2 /* ShareExtension.entitlements */,
				83017F382910313800C341D2 /* ShareViewController.swift */,
				83017F3D2910313800C341D2 /* Info.plist */,
				5A4162A17A1F70D9DB146D55 /* ActivationRule.md */,
				5A416AC0C47832EDBE977C5E /* ShareBookmarkCreate.swift */,
				5A4161EFDF39D0DE717C77CC /* ShareBookmarkTagSelect.swift */,
				837009BD29154860006D2A05 /* ShareBookmarkContainerView.swift */,
			);
			path = ShareExtension;
			sourceTree = "<group>";
		};
		83017F452910314000C341D2 /* Frameworks */ = {
			isa = PBXGroup;
			children = (
			);
			name = Frameworks;
			sourceTree = "<group>";
		};
		834922FC2A05AE6A004CBDEF /* CompanionApplication */ = {
			isa = PBXGroup;
			children = (
				83C470902A05B999006F6E8F /* configuration */,
				834923572A05AF04004CBDEF /* integrations */,
				834923192A05AEF5004CBDEF /* shared */,
				834922FD2A05AE6A004CBDEF /* Application.h */,
				83C4708E2A05B940006F6E8F /* MainView.swift */,
			);
			path = CompanionApplication;
			sourceTree = "<group>";
		};
		834923082A05AE6A004CBDEF /* CompanionApplicationTests */ = {
			isa = PBXGroup;
			children = (
				834923BD2A05AF3D004CBDEF /* integrations */,
				834923092A05AE6A004CBDEF /* ApplicationTests.swift */,
			);
			path = CompanionApplicationTests;
			sourceTree = "<group>";
		};
		834923192A05AEF5004CBDEF /* shared */ = {
			isa = PBXGroup;
			children = (
				8349231A2A05AEF5004CBDEF /* settings */,
				8349231F2A05AEF5004CBDEF /* config */,
				834923222A05AEF5004CBDEF /* extensions */,
				834923242A05AEF5004CBDEF /* components */,
				834923372A05AEF5004CBDEF /* model */,
				8349233A2A05AEF5004CBDEF /* sync */,
				8349233D2A05AEF5004CBDEF /* base */,
			);
			path = shared;
			sourceTree = "<group>";
		};
		8349231A2A05AEF5004CBDEF /* settings */ = {
			isa = PBXGroup;
			children = (
				8349231B2A05AEF5004CBDEF /* SharedSettingKeys.swift */,
				8349231C2A05AEF5004CBDEF /* SecureSettingsError.swift */,
				8349231D2A05AEF5004CBDEF /* SecureSettingsSupport.swift */,
				8349231E2A05AEF5004CBDEF /* AppStorageSupport.swift */,
			);
			path = settings;
			sourceTree = "<group>";
		};
		8349231F2A05AEF5004CBDEF /* config */ = {
			isa = PBXGroup;
			children = (
				834923202A05AEF5004CBDEF /* GlobalSettingKeys.swift */,
				834923212A05AEF5004CBDEF /* Integrations.swift */,
			);
			path = config;
			sourceTree = "<group>";
		};
		834923222A05AEF5004CBDEF /* extensions */ = {
			isa = PBXGroup;
			children = (
				834923232A05AEF5004CBDEF /* View.swift */,
			);
			path = extensions;
			sourceTree = "<group>";
		};
		834923242A05AEF5004CBDEF /* components */ = {
			isa = PBXGroup;
			children = (
				834923252A05AEF5004CBDEF /* configuration */,
				834923272A05AEF5004CBDEF /* bookmark */,
				8349232C2A05AEF5004CBDEF /* webview */,
				8349232E2A05AEF5004CBDEF /* list */,
				834923312A05AEF5004CBDEF /* error */,
				834923342A05AEF5004CBDEF /* tag */,
			);
			path = components;
			sourceTree = "<group>";
		};
		834923252A05AEF5004CBDEF /* configuration */ = {
			isa = PBXGroup;
			children = (
				834923262A05AEF5004CBDEF /* ConfigurationButton.swift */,
			);
			path = configuration;
			sourceTree = "<group>";
		};
		834923272A05AEF5004CBDEF /* bookmark */ = {
			isa = PBXGroup;
			children = (
				834923282A05AEF5004CBDEF /* UrlLinkView.swift */,
				834923292A05AEF5004CBDEF /* BookmarkView.swift */,
				8349232A2A05AEF5004CBDEF /* BookmarkTagsView.swift */,
				8349232B2A05AEF5004CBDEF /* BookmarkListView.swift */,
			);
			path = bookmark;
			sourceTree = "<group>";
		};
		8349232C2A05AEF5004CBDEF /* webview */ = {
			isa = PBXGroup;
			children = (
				8349232D2A05AEF5004CBDEF /* WebView.swift */,
			);
			path = webview;
			sourceTree = "<group>";
		};
		8349232E2A05AEF5004CBDEF /* list */ = {
			isa = PBXGroup;
			children = (
				8349232F2A05AEF5004CBDEF /* CommonSelectListView.swift */,
				834923302A05AEF5004CBDEF /* SelectableListItemView.swift */,
			);
			path = list;
			sourceTree = "<group>";
		};
		834923312A05AEF5004CBDEF /* error */ = {
			isa = PBXGroup;
			children = (
				834923322A05AEF5004CBDEF /* SyncErrorView.swift */,
				834923332A05AEF5004CBDEF /* ErrorView.swift */,
			);
			path = error;
			sourceTree = "<group>";
		};
		834923342A05AEF5004CBDEF /* tag */ = {
			isa = PBXGroup;
			children = (
				834923352A05AEF5004CBDEF /* TagView.swift */,
				834923362A05AEF5004CBDEF /* TagListView.swift */,
			);
			path = tag;
			sourceTree = "<group>";
		};
		834923372A05AEF5004CBDEF /* model */ = {
			isa = PBXGroup;
			children = (
				834923382A05AEF5004CBDEF /* Bookmark.swift */,
				834923392A05AEF5004CBDEF /* Tag.swift */,
			);
			path = model;
			sourceTree = "<group>";
		};
		8349233A2A05AEF5004CBDEF /* sync */ = {
			isa = PBXGroup;
			children = (
				8349233B2A05AEF5004CBDEF /* BackendSupportClient.swift */,
				8349233C2A05AEF5004CBDEF /* BackendSyncWorker.swift */,
			);
			path = sync;
			sourceTree = "<group>";
		};
		8349233D2A05AEF5004CBDEF /* base */ = {
			isa = PBXGroup;
			children = (
				8349233E2A05AEF5004CBDEF /* BaseIntegrationDashboard.swift */,
			);
			path = base;
			sourceTree = "<group>";
		};
		834923572A05AF04004CBDEF /* integrations */ = {
			isa = PBXGroup;
			children = (
				834923592A05AF23004CBDEF /* linkding */,
			);
			path = integrations;
			sourceTree = "<group>";
		};
		834923592A05AF23004CBDEF /* linkding */ = {
			isa = PBXGroup;
			children = (
				8349235A2A05AF23004CBDEF /* ui */,
				8349236D2A05AF23004CBDEF /* settings */,
				834923702A05AF23004CBDEF /* migrations */,
				834923722A05AF23004CBDEF /* sort */,
				834923762A05AF23004CBDEF /* LinkdingPersistenceController.swift */,
				834923772A05AF23004CBDEF /* persistence */,
				8349237F2A05AF23004CBDEF /* model */,
				834923822A05AF23004CBDEF /* api */,
				834923882A05AF23004CBDEF /* LinkdingModel.xcdatamodeld */,
				8349238B2A05AF23004CBDEF /* sync */,
				8349238D2A05AF23004CBDEF /* domain */,
			);
			path = linkding;
			sourceTree = "<group>";
		};
		8349235A2A05AF23004CBDEF /* ui */ = {
			isa = PBXGroup;
			children = (
				8349235B2A05AF23004CBDEF /* configuration */,
				8349235D2A05AF23004CBDEF /* dashboard */,
			);
			path = ui;
			sourceTree = "<group>";
		};
		8349235B2A05AF23004CBDEF /* configuration */ = {
			isa = PBXGroup;
			children = (
				8349235C2A05AF23004CBDEF /* LinkdingSettingsView.swift */,
			);
			path = configuration;
			sourceTree = "<group>";
		};
		8349235D2A05AF23004CBDEF /* dashboard */ = {
			isa = PBXGroup;
			children = (
				8349235E2A05AF23004CBDEF /* LinkdingDashboardView.swift */,
				8349235F2A05AF23004CBDEF /* tags */,
				834923642A05AF23004CBDEF /* bookmarks */,
			);
			path = dashboard;
			sourceTree = "<group>";
		};
		8349235F2A05AF23004CBDEF /* tags */ = {
			isa = PBXGroup;
			children = (
				834923602A05AF23004CBDEF /* LinkdingTagBookmarksView.swift */,
				834923612A05AF23004CBDEF /* LinkdingTagsTabView.swift */,
				834923622A05AF23004CBDEF /* CreateTagView.swift */,
				834923632A05AF23004CBDEF /* FilterTagView.swift */,
			);
			path = tags;
			sourceTree = "<group>";
		};
		834923642A05AF23004CBDEF /* bookmarks */ = {
			isa = PBXGroup;
			children = (
				834923652A05AF23004CBDEF /* LinkdingBookmarkTabView.swift */,
				834923662A05AF23004CBDEF /* edit */,
				834923682A05AF23004CBDEF /* filter */,
				8349236A2A05AF23004CBDEF /* create */,
			);
			path = bookmarks;
			sourceTree = "<group>";
		};
		834923662A05AF23004CBDEF /* edit */ = {
			isa = PBXGroup;
			children = (
				834923672A05AF23004CBDEF /* BookmarkEditor.swift */,
			);
			path = edit;
			sourceTree = "<group>";
		};
		834923682A05AF23004CBDEF /* filter */ = {
			isa = PBXGroup;
			children = (
				834923692A05AF23004CBDEF /* LinkdingBookmarkTabSettingsView.swift */,
			);
			path = filter;
			sourceTree = "<group>";
		};
		8349236A2A05AF23004CBDEF /* create */ = {
			isa = PBXGroup;
			children = (
				8349236B2A05AF23004CBDEF /* LinkdingCreateBookmarkView.swift */,
				8349236C2A05AF23004CBDEF /* SelectTagsView.swift */,
			);
			path = create;
			sourceTree = "<group>";
		};
		8349236D2A05AF23004CBDEF /* settings */ = {
			isa = PBXGroup;
			children = (
				8349236E2A05AF23004CBDEF /* LinkdingSettingKeys.swift */,
				8349236F2A05AF23004CBDEF /* LinkdingSettingsValidator.swift */,
			);
			path = settings;
			sourceTree = "<group>";
		};
		834923702A05AF23004CBDEF /* migrations */ = {
			isa = PBXGroup;
			children = (
				834923712A05AF23004CBDEF /* AccessTokenMigrationToAppGroup.swift */,
			);
			path = migrations;
			sourceTree = "<group>";
		};
		834923722A05AF23004CBDEF /* sort */ = {
			isa = PBXGroup;
			children = (
				834923732A05AF23004CBDEF /* SortOrder.swift */,
				834923742A05AF23004CBDEF /* BookmarkSorter.swift */,
				834923752A05AF23004CBDEF /* SortField.swift */,
			);
			path = sort;
			sourceTree = "<group>";
		};
		834923772A05AF23004CBDEF /* persistence */ = {
			isa = PBXGroup;
			children = (
				834923782A05AF23004CBDEF /* migrations */,
				8349237B2A05AF23004CBDEF /* PersistenceHistoryMerger.swift */,
				8349237C2A05AF23004CBDEF /* PersistenceHistoryCleaner.swift */,
				8349237D2A05AF23004CBDEF /* PersistenceHistoryFetcher.swift */,
				8349237E2A05AF23004CBDEF /* PersistenceHistoryObserver.swift */,
			);
			path = persistence;
			sourceTree = "<group>";
		};
		834923782A05AF23004CBDEF /* migrations */ = {
			isa = PBXGroup;
			children = (
				834923792A05AF23004CBDEF /* LinkdingModel1To2.xcmappingmodel */,
				8349237A2A05AF23004CBDEF /* LinkdingModel1To2.swift */,
			);
			path = migrations;
			sourceTree = "<group>";
		};
		8349237F2A05AF23004CBDEF /* model */ = {
			isa = PBXGroup;
			children = (
				834923802A05AF23004CBDEF /* TagModel.swift */,
				834923812A05AF23004CBDEF /* BookmarkModel.swift */,
			);
			path = model;
			sourceTree = "<group>";
		};
		834923822A05AF23004CBDEF /* api */ = {
			isa = PBXGroup;
			children = (
				834923832A05AF23004CBDEF /* LinkdingBookmarkUpdateDto.swift */,
				834923842A05AF23004CBDEF /* LinkdingTagDto.swift */,
				834923852A05AF23004CBDEF /* LinkdingApiClient.swift */,
				834923862A05AF23004CBDEF /* LinkdingTagUpdateDto.swift */,
				834923872A05AF23004CBDEF /* LinkdingBookmarkDto.swift */,
			);
			path = api;
			sourceTree = "<group>";
		};
		8349238B2A05AF23004CBDEF /* sync */ = {
			isa = PBXGroup;
			children = (
				8349238C2A05AF23004CBDEF /* LinkdingSyncClient.swift */,
			);
			path = sync;
			sourceTree = "<group>";
		};
		8349238D2A05AF23004CBDEF /* domain */ = {
			isa = PBXGroup;
			children = (
				8349238E2A05AF23004CBDEF /* bookmark */,
				834923922A05AF23004CBDEF /* tag */,
			);
			path = domain;
			sourceTree = "<group>";
		};
		8349238E2A05AF23004CBDEF /* bookmark */ = {
			isa = PBXGroup;
			children = (
				8349238F2A05AF23004CBDEF /* LinkdingBookmarkEntity.swift */,
				834923902A05AF23004CBDEF /* LinkdingBookmarkRepository.swift */,
				834923912A05AF23004CBDEF /* LinkdingBookmarkStore.swift */,
			);
			path = bookmark;
			sourceTree = "<group>";
		};
		834923922A05AF23004CBDEF /* tag */ = {
			isa = PBXGroup;
			children = (
				834923932A05AF23004CBDEF /* LinkdingTagStore.swift */,
				834923942A05AF23004CBDEF /* LinkdingTagRepository.swift */,
				834923952A05AF23004CBDEF /* LinkdingTagEntity.swift */,
			);
			path = tag;
			sourceTree = "<group>";
		};
		834923BD2A05AF3D004CBDEF /* integrations */ = {
			isa = PBXGroup;
			children = (
				834923BE2A05AF44004CBDEF /* linkding */,
			);
			path = integrations;
			sourceTree = "<group>";
		};
		834923BE2A05AF44004CBDEF /* linkding */ = {
			isa = PBXGroup;
			children = (
				83C055A92964D5B600550D73 /* persistence */,
			);
			path = linkding;
			sourceTree = "<group>";
		};
		835E60882907F47700E86AFE = {
			isa = PBXGroup;
			children = (
				83D4962F297C2F0500CBF95F /* Docs */,
				8305572B2946371C007E128A /* Config.xcconfig */,
				838748812946304700E7ADF8 /* AppStore */,
				835E60932907F47700E86AFE /* BookmarkCompanion */,
				83017F372910313800C341D2 /* ShareExtension */,
				834922FC2A05AE6A004CBDEF /* CompanionApplication */,
				834923082A05AE6A004CBDEF /* CompanionApplicationTests */,
				835E60922907F47700E86AFE /* Products */,
				5A416AFED161E2B9AF558796 /* README.md */,
				83017F452910314000C341D2 /* Frameworks */,
				5A416C8FF3B046609B48E5D2 /* LICENSE.md */,
			);
			sourceTree = "<group>";
		};
		835E60922907F47700E86AFE /* Products */ = {
			isa = PBXGroup;
			children = (
				835E60912907F47700E86AFE /* BookmarkCompanion.app */,
				83017F362910313800C341D2 /* ShareExtension.appex */,
				834922FB2A05AE6A004CBDEF /* CompanionApplication.framework */,
				834923022A05AE6A004CBDEF /* CompanionApplicationTests.xctest */,
			);
			name = Products;
			sourceTree = "<group>";
		};
		835E60932907F47700E86AFE /* BookmarkCompanion */ = {
			isa = PBXGroup;
			children = (
				83B06F1329105C600032F6FE /* Info.plist */,
				8312CF4E29100EED00CE3C1C /* BookmarkCompanion.entitlements */,
				835E60942907F47700E86AFE /* BookmarkCompanionApp.swift */,
				835E60982907F47800E86AFE /* Assets.xcassets */,
				835E609D2907F47800E86AFE /* Persistence.swift */,
				835E609F2907F47800E86AFE /* BookmarkCompanion.xcdatamodeld */,
				835E609A2907F47800E86AFE /* Preview Content */,
			);
			path = BookmarkCompanion;
			sourceTree = "<group>";
		};
		835E609A2907F47800E86AFE /* Preview Content */ = {
			isa = PBXGroup;
			children = (
				835E609B2907F47800E86AFE /* Preview Assets.xcassets */,
			);
			path = "Preview Content";
			sourceTree = "<group>";
		};
		838748812946304700E7ADF8 /* AppStore */ = {
			isa = PBXGroup;
			children = (
				5A4166410BFBB493C63D53C4 /* appstore-download.svg */,
			);
			path = AppStore;
			sourceTree = "<group>";
		};
		83C055A92964D5B600550D73 /* persistence */ = {
			isa = PBXGroup;
			children = (
				83C055AA2964D5BF00550D73 /* migrations */,
			);
			path = persistence;
			sourceTree = "<group>";
		};
		83C055AA2964D5BF00550D73 /* migrations */ = {
			isa = PBXGroup;
			children = (
				83C055AB2964D5CA00550D73 /* CoreDataMigration1To2Test.swift */,
			);
			path = migrations;
			sourceTree = "<group>";
		};
		83C470902A05B999006F6E8F /* configuration */ = {
			isa = PBXGroup;
			children = (
				5A416452B67C39C8F4F417A4 /* config */,
				5A4166D646DB81C6EAAAF96B /* onboarding */,
				83666D232968C2F80043E6B6 /* IntegrationDashboardView.swift */,
			);
			path = configuration;
			sourceTree = "<group>";
		};
		83D4962F297C2F0500CBF95F /* Docs */ = {
			isa = PBXGroup;
			children = (
				83D49630297C2F0500CBF95F /* Images */,
				83D49634297C2F2B00CBF95F /* Release.md */,
				83038DA52981BB6F00A1FA15 /* Structure.md */,
			);
			path = Docs;
			sourceTree = "<group>";
		};
		83D49630297C2F0500CBF95F /* Images */ = {
			isa = PBXGroup;
			children = (
				83D49631297C2F0500CBF95F /* screenshot_ipad.png */,
				83D49632297C2F0500CBF95F /* screenshot_iphone.png */,
			);
			path = Images;
			sourceTree = "<group>";
		};
/* End PBXGroup section */

/* Begin PBXHeadersBuildPhase section */
		834922F62A05AE6A004CBDEF /* Headers */ = {
			isa = PBXHeadersBuildPhase;
			buildActionMask = 2147483647;
			files = (
				8349230B2A05AE6A004CBDEF /* Application.h in Headers */,
			);
			runOnlyForDeploymentPostprocessing = 0;
		};
/* End PBXHeadersBuildPhase section */

/* Begin PBXNativeTarget section */
		83017F352910313800C341D2 /* ShareExtension */ = {
			isa = PBXNativeTarget;
			buildConfigurationList = 83017F442910313800C341D2 /* Build configuration list for PBXNativeTarget "ShareExtension" */;
			buildPhases = (
				83017F322910313800C341D2 /* Sources */,
				83017F332910313800C341D2 /* Frameworks */,
				83017F342910313800C341D2 /* Resources */,
			);
			buildRules = (
			);
			dependencies = (
				8339E85B2A05AFDF003E7762 /* PBXTargetDependency */,
			);
			name = ShareExtension;
			productName = ShareExtension;
			productReference = 83017F362910313800C341D2 /* ShareExtension.appex */;
			productType = "com.apple.product-type.app-extension";
		};
		834922FA2A05AE6A004CBDEF /* CompanionApplication */ = {
			isa = PBXNativeTarget;
			buildConfigurationList = 834923142A05AE6A004CBDEF /* Build configuration list for PBXNativeTarget "CompanionApplication" */;
			buildPhases = (
				834922F62A05AE6A004CBDEF /* Headers */,
				834922F72A05AE6A004CBDEF /* Sources */,
				834922F82A05AE6A004CBDEF /* Frameworks */,
				834922F92A05AE6A004CBDEF /* Resources */,
			);
			buildRules = (
			);
			dependencies = (
			);
			name = CompanionApplication;
			productName = Application;
			productReference = 834922FB2A05AE6A004CBDEF /* CompanionApplication.framework */;
			productType = "com.apple.product-type.framework";
		};
		834923012A05AE6A004CBDEF /* CompanionApplicationTests */ = {
			isa = PBXNativeTarget;
			buildConfigurationList = 834923152A05AE6A004CBDEF /* Build configuration list for PBXNativeTarget "CompanionApplicationTests" */;
			buildPhases = (
				834922FE2A05AE6A004CBDEF /* Sources */,
				834922FF2A05AE6A004CBDEF /* Frameworks */,
				834923002A05AE6A004CBDEF /* Resources */,
			);
			buildRules = (
			);
			dependencies = (
				834923052A05AE6A004CBDEF /* PBXTargetDependency */,
				834923072A05AE6A004CBDEF /* PBXTargetDependency */,
			);
			name = CompanionApplicationTests;
			productName = ApplicationTests;
			productReference = 834923022A05AE6A004CBDEF /* CompanionApplicationTests.xctest */;
			productType = "com.apple.product-type.bundle.unit-test";
		};
		835E60902907F47700E86AFE /* BookmarkCompanion */ = {
			isa = PBXNativeTarget;
			buildConfigurationList = 835E60BA2907F47800E86AFE /* Build configuration list for PBXNativeTarget "BookmarkCompanion" */;
			buildPhases = (
				835E608D2907F47700E86AFE /* Sources */,
				835E608E2907F47700E86AFE /* Frameworks */,
				835E608F2907F47700E86AFE /* Resources */,
				83017F402910313800C341D2 /* Embed Foundation Extensions */,
				83DE86602946230A00E871FC /* Embed Frameworks */,
			);
			buildRules = (
			);
			dependencies = (
				83017F3F2910313800C341D2 /* PBXTargetDependency */,
				8349230D2A05AE6A004CBDEF /* PBXTargetDependency */,
			);
			name = BookmarkCompanion;
			productName = BookmarkCompanion;
			productReference = 835E60912907F47700E86AFE /* BookmarkCompanion.app */;
			productType = "com.apple.product-type.application";
		};
/* End PBXNativeTarget section */

/* Begin PBXProject section */
		835E60892907F47700E86AFE /* Project object */ = {
			isa = PBXProject;
			attributes = {
				BuildIndependentTargetsInParallel = 1;
				LastSwiftUpdateCheck = 1430;
				LastUpgradeCheck = 1430;
				TargetAttributes = {
					83017F352910313800C341D2 = {
						CreatedOnToolsVersion = 14.0.1;
					};
					834922FA2A05AE6A004CBDEF = {
						CreatedOnToolsVersion = 14.3;
					};
					834923012A05AE6A004CBDEF = {
						CreatedOnToolsVersion = 14.3;
						TestTargetID = 835E60902907F47700E86AFE;
					};
					835E60902907F47700E86AFE = {
						CreatedOnToolsVersion = 13.4.1;
					};
				};
			};
			buildConfigurationList = 835E608C2907F47700E86AFE /* Build configuration list for PBXProject "BookmarkCompanion" */;
			compatibilityVersion = "Xcode 13.0";
			developmentRegion = en;
			hasScannedForEncodings = 0;
			knownRegions = (
				en,
				Base,
			);
			mainGroup = 835E60882907F47700E86AFE;
			productRefGroup = 835E60922907F47700E86AFE /* Products */;
			projectDirPath = "";
			projectRoot = "";
			targets = (
				835E60902907F47700E86AFE /* BookmarkCompanion */,
				83017F352910313800C341D2 /* ShareExtension */,
				834922FA2A05AE6A004CBDEF /* CompanionApplication */,
				834923012A05AE6A004CBDEF /* CompanionApplicationTests */,
			);
		};
/* End PBXProject section */

/* Begin PBXResourcesBuildPhase section */
		83017F342910313800C341D2 /* Resources */ = {
			isa = PBXResourcesBuildPhase;
			buildActionMask = 2147483647;
			files = (
			);
			runOnlyForDeploymentPostprocessing = 0;
		};
		834922F92A05AE6A004CBDEF /* Resources */ = {
			isa = PBXResourcesBuildPhase;
			buildActionMask = 2147483647;
			files = (
			);
			runOnlyForDeploymentPostprocessing = 0;
		};
		834923002A05AE6A004CBDEF /* Resources */ = {
			isa = PBXResourcesBuildPhase;
			buildActionMask = 2147483647;
			files = (
			);
			runOnlyForDeploymentPostprocessing = 0;
		};
		835E608F2907F47700E86AFE /* Resources */ = {
			isa = PBXResourcesBuildPhase;
			buildActionMask = 2147483647;
			files = (
				835E609C2907F47800E86AFE /* Preview Assets.xcassets in Resources */,
				835E60992907F47800E86AFE /* Assets.xcassets in Resources */,
			);
			runOnlyForDeploymentPostprocessing = 0;
		};
/* End PBXResourcesBuildPhase section */

/* Begin PBXSourcesBuildPhase section */
		83017F322910313800C341D2 /* Sources */ = {
			isa = PBXSourcesBuildPhase;
			buildActionMask = 2147483647;
			files = (
				837009BE29154860006D2A05 /* ShareBookmarkContainerView.swift in Sources */,
				83017F392910313800C341D2 /* ShareViewController.swift in Sources */,
				5A416DAB2FEAD6150903FE6A /* ShareBookmarkCreate.swift in Sources */,
				5A416D14489E8B274A81E9A6 /* ShareBookmarkTagSelect.swift in Sources */,
			);
			runOnlyForDeploymentPostprocessing = 0;
		};
		834922F72A05AE6A004CBDEF /* Sources */ = {
			isa = PBXSourcesBuildPhase;
			buildActionMask = 2147483647;
			files = (
				83C470932A05B9DD006F6E8F /* IntegrationDashboardView.swift in Sources */,
				8349234E2A05AEF5004CBDEF /* SyncErrorView.swift in Sources */,
				834923B62A05AF23004CBDEF /* LinkdingSyncClient.swift in Sources */,
				834923992A05AF23004CBDEF /* LinkdingTagsTabView.swift in Sources */,
				834923B12A05AF23004CBDEF /* LinkdingTagDto.swift in Sources */,
				834923462A05AEF5004CBDEF /* ConfigurationButton.swift in Sources */,
				834923432A05AEF5004CBDEF /* GlobalSettingKeys.swift in Sources */,
				834923A52A05AF23004CBDEF /* BookmarkSorter.swift in Sources */,
				834923B82A05AF23004CBDEF /* LinkdingBookmarkRepository.swift in Sources */,
				834923A92A05AF23004CBDEF /* LinkdingModel1To2.swift in Sources */,
				83C4708F2A05B940006F6E8F /* MainView.swift in Sources */,
				834923A42A05AF23004CBDEF /* SortOrder.swift in Sources */,
				8349239F2A05AF23004CBDEF /* LinkdingCreateBookmarkView.swift in Sources */,
				834923532A05AEF5004CBDEF /* Tag.swift in Sources */,
				8349234B2A05AEF5004CBDEF /* WebView.swift in Sources */,
				834923A62A05AF23004CBDEF /* SortField.swift in Sources */,
				834923A22A05AF23004CBDEF /* LinkdingSettingsValidator.swift in Sources */,
				83C470912A05B9D1006F6E8F /* ConfigurationView.swift in Sources */,
				834923BC2A05AF23004CBDEF /* LinkdingTagEntity.swift in Sources */,
				834923A72A05AF23004CBDEF /* LinkdingPersistenceController.swift in Sources */,
				834923972A05AF23004CBDEF /* LinkdingDashboardView.swift in Sources */,
				8349234F2A05AEF5004CBDEF /* ErrorView.swift in Sources */,
				8349239E2A05AF23004CBDEF /* LinkdingBookmarkTabSettingsView.swift in Sources */,
				834923A12A05AF23004CBDEF /* LinkdingSettingKeys.swift in Sources */,
				834923AB2A05AF23004CBDEF /* PersistenceHistoryCleaner.swift in Sources */,
				834923B92A05AF23004CBDEF /* LinkdingBookmarkStore.swift in Sources */,
				834923552A05AEF5004CBDEF /* BackendSyncWorker.swift in Sources */,
				834923492A05AEF5004CBDEF /* BookmarkTagsView.swift in Sources */,
				834923BA2A05AF23004CBDEF /* LinkdingTagStore.swift in Sources */,
				834923B72A05AF23004CBDEF /* LinkdingBookmarkEntity.swift in Sources */,
				834923BB2A05AF23004CBDEF /* LinkdingTagRepository.swift in Sources */,
				834923AD2A05AF23004CBDEF /* PersistenceHistoryObserver.swift in Sources */,
				834923472A05AEF5004CBDEF /* UrlLinkView.swift in Sources */,
				834923AE2A05AF23004CBDEF /* TagModel.swift in Sources */,
				8349234C2A05AEF5004CBDEF /* CommonSelectListView.swift in Sources */,
				8349239D2A05AF23004CBDEF /* BookmarkEditor.swift in Sources */,
				834923B22A05AF23004CBDEF /* LinkdingApiClient.swift in Sources */,
				8349239C2A05AF23004CBDEF /* LinkdingBookmarkTabView.swift in Sources */,
				834923AC2A05AF23004CBDEF /* PersistenceHistoryFetcher.swift in Sources */,
				834923542A05AEF5004CBDEF /* BackendSupportClient.swift in Sources */,
				834923A32A05AF23004CBDEF /* AccessTokenMigrationToAppGroup.swift in Sources */,
				8349234D2A05AEF5004CBDEF /* SelectableListItemView.swift in Sources */,
				8349239A2A05AF23004CBDEF /* CreateTagView.swift in Sources */,
				834923962A05AF23004CBDEF /* LinkdingSettingsView.swift in Sources */,
				834923402A05AEF5004CBDEF /* SecureSettingsError.swift in Sources */,
				834923422A05AEF5004CBDEF /* AppStorageSupport.swift in Sources */,
				834923512A05AEF5004CBDEF /* TagListView.swift in Sources */,
				834923982A05AF23004CBDEF /* LinkdingTagBookmarksView.swift in Sources */,
				83C470922A05B9D5006F6E8F /* InitialConfiguration.swift in Sources */,
				8349234A2A05AEF5004CBDEF /* BookmarkListView.swift in Sources */,
				834923562A05AEF5004CBDEF /* BaseIntegrationDashboard.swift in Sources */,
				8349233F2A05AEF5004CBDEF /* SharedSettingKeys.swift in Sources */,
				834923482A05AEF5004CBDEF /* BookmarkView.swift in Sources */,
				834923522A05AEF5004CBDEF /* Bookmark.swift in Sources */,
				834923A02A05AF23004CBDEF /* SelectTagsView.swift in Sources */,
				834923AA2A05AF23004CBDEF /* PersistenceHistoryMerger.swift in Sources */,
				834923B32A05AF23004CBDEF /* LinkdingTagUpdateDto.swift in Sources */,
				834923A82A05AF23004CBDEF /* LinkdingModel1To2.xcmappingmodel in Sources */,
				834923442A05AEF5004CBDEF /* Integrations.swift in Sources */,
				834923B02A05AF23004CBDEF /* LinkdingBookmarkUpdateDto.swift in Sources */,
				834923B42A05AF23004CBDEF /* LinkdingBookmarkDto.swift in Sources */,
				834923452A05AEF5004CBDEF /* View.swift in Sources */,
				834923B52A05AF23004CBDEF /* LinkdingModel.xcdatamodeld in Sources */,
				834923412A05AEF5004CBDEF /* SecureSettingsSupport.swift in Sources */,
				834923502A05AEF5004CBDEF /* TagView.swift in Sources */,
				8349239B2A05AF23004CBDEF /* FilterTagView.swift in Sources */,
				834923AF2A05AF23004CBDEF /* BookmarkModel.swift in Sources */,
			);
			runOnlyForDeploymentPostprocessing = 0;
		};
		834922FE2A05AE6A004CBDEF /* Sources */ = {
			isa = PBXSourcesBuildPhase;
			buildActionMask = 2147483647;
			files = (
				8349230A2A05AE6A004CBDEF /* ApplicationTests.swift in Sources */,
				834923BF2A05AF53004CBDEF /* CoreDataMigration1To2Test.swift in Sources */,
			);
			runOnlyForDeploymentPostprocessing = 0;
		};
		835E608D2907F47700E86AFE /* Sources */ = {
			isa = PBXSourcesBuildPhase;
			buildActionMask = 2147483647;
			files = (
				835E60A12907F47800E86AFE /* BookmarkCompanion.xcdatamodeld in Sources */,
				835E609E2907F47800E86AFE /* Persistence.swift in Sources */,
				835E60952907F47700E86AFE /* BookmarkCompanionApp.swift in Sources */,
			);
			runOnlyForDeploymentPostprocessing = 0;
		};
/* End PBXSourcesBuildPhase section */

/* Begin PBXTargetDependency section */
		83017F3F2910313800C341D2 /* PBXTargetDependency */ = {
			isa = PBXTargetDependency;
			target = 83017F352910313800C341D2 /* ShareExtension */;
			targetProxy = 83017F3E2910313800C341D2 /* PBXContainerItemProxy */;
		};
		8339E85B2A05AFDF003E7762 /* PBXTargetDependency */ = {
			isa = PBXTargetDependency;
			target = 834922FA2A05AE6A004CBDEF /* CompanionApplication */;
			targetProxy = 8339E85A2A05AFDF003E7762 /* PBXContainerItemProxy */;
		};
		834923052A05AE6A004CBDEF /* PBXTargetDependency */ = {
			isa = PBXTargetDependency;
			target = 834922FA2A05AE6A004CBDEF /* CompanionApplication */;
			targetProxy = 834923042A05AE6A004CBDEF /* PBXContainerItemProxy */;
		};
		834923072A05AE6A004CBDEF /* PBXTargetDependency */ = {
			isa = PBXTargetDependency;
			target = 835E60902907F47700E86AFE /* BookmarkCompanion */;
			targetProxy = 834923062A05AE6A004CBDEF /* PBXContainerItemProxy */;
		};
		8349230D2A05AE6A004CBDEF /* PBXTargetDependency */ = {
			isa = PBXTargetDependency;
			target = 834922FA2A05AE6A004CBDEF /* CompanionApplication */;
			targetProxy = 8349230C2A05AE6A004CBDEF /* PBXContainerItemProxy */;
		};
/* End PBXTargetDependency section */

/* Begin XCBuildConfiguration section */
		83017F422910313800C341D2 /* Debug */ = {
			isa = XCBuildConfiguration;
			baseConfigurationReference = 8305572B2946371C007E128A /* Config.xcconfig */;
			buildSettings = {
				CLANG_CXX_LANGUAGE_STANDARD = "gnu++20";
				CODE_SIGN_ENTITLEMENTS = ShareExtension/ShareExtension.entitlements;
				CODE_SIGN_STYLE = Automatic;
				CURRENT_PROJECT_VERSION = 3;
				DEVELOPMENT_TEAM = "$(inherited)";
				GENERATE_INFOPLIST_FILE = YES;
				INFOPLIST_FILE = ShareExtension/Info.plist;
				INFOPLIST_KEY_CFBundleDisplayName = ShareExtension;
				INFOPLIST_KEY_NSHumanReadableCopyright = "";
				IPHONEOS_DEPLOYMENT_TARGET = 16.0;
				LD_RUNPATH_SEARCH_PATHS = (
					"$(inherited)",
					"@executable_path/Frameworks",
					"@executable_path/../../Frameworks",
				);
				MARKETING_VERSION = 1.5.2;
				PRODUCT_BUNDLE_IDENTIFIER = com.wits.BookmarkCompanion.ShareExtension;
				PRODUCT_NAME = "$(TARGET_NAME)";
				SKIP_INSTALL = YES;
				SWIFT_EMIT_LOC_STRINGS = YES;
				SWIFT_VERSION = 5.0;
				TARGETED_DEVICE_FAMILY = "1,2";
			};
			name = Debug;
		};
		83017F432910313800C341D2 /* Release */ = {
			isa = XCBuildConfiguration;
			baseConfigurationReference = 8305572B2946371C007E128A /* Config.xcconfig */;
			buildSettings = {
				CLANG_CXX_LANGUAGE_STANDARD = "gnu++20";
				CODE_SIGN_ENTITLEMENTS = ShareExtension/ShareExtension.entitlements;
				CODE_SIGN_STYLE = Automatic;
				CURRENT_PROJECT_VERSION = 3;
				DEVELOPMENT_TEAM = "$(inherited)";
				GENERATE_INFOPLIST_FILE = YES;
				INFOPLIST_FILE = ShareExtension/Info.plist;
				INFOPLIST_KEY_CFBundleDisplayName = ShareExtension;
				INFOPLIST_KEY_NSHumanReadableCopyright = "";
				IPHONEOS_DEPLOYMENT_TARGET = 16.0;
				LD_RUNPATH_SEARCH_PATHS = (
					"$(inherited)",
					"@executable_path/Frameworks",
					"@executable_path/../../Frameworks",
				);
				MARKETING_VERSION = 1.5.2;
				PRODUCT_BUNDLE_IDENTIFIER = com.wits.BookmarkCompanion.ShareExtension;
				PRODUCT_NAME = "$(TARGET_NAME)";
				SKIP_INSTALL = YES;
				SWIFT_EMIT_LOC_STRINGS = YES;
				SWIFT_VERSION = 5.0;
				TARGETED_DEVICE_FAMILY = "1,2";
			};
			name = Release;
		};
		834923102A05AE6A004CBDEF /* Debug */ = {
			isa = XCBuildConfiguration;
			buildSettings = {
				CLANG_CXX_LANGUAGE_STANDARD = "gnu++20";
				CODE_SIGN_IDENTITY = "";
				CODE_SIGN_STYLE = Automatic;
				CURRENT_PROJECT_VERSION = 1;
				DEFINES_MODULE = YES;
				DEVELOPMENT_TEAM = "$(inherited)";
				DYLIB_COMPATIBILITY_VERSION = 1;
				DYLIB_CURRENT_VERSION = 1;
				DYLIB_INSTALL_NAME_BASE = "@rpath";
				ENABLE_MODULE_VERIFIER = YES;
				GENERATE_INFOPLIST_FILE = YES;
				INFOPLIST_KEY_NSHumanReadableCopyright = "";
				INSTALL_PATH = "$(LOCAL_LIBRARY_DIR)/Frameworks";
				IPHONEOS_DEPLOYMENT_TARGET = 16.0;
				LD_RUNPATH_SEARCH_PATHS = (
					"$(inherited)",
					"@executable_path/Frameworks",
					"@loader_path/Frameworks",
				);
				MARKETING_VERSION = 1.0;
				MODULE_VERIFIER_SUPPORTED_LANGUAGES = "objective-c objective-c++";
				MODULE_VERIFIER_SUPPORTED_LANGUAGE_STANDARDS = "gnu11 gnu++20";
				PRODUCT_BUNDLE_IDENTIFIER = com.wits.BookmarkCompanion.Application;
				PRODUCT_NAME = "$(TARGET_NAME:c99extidentifier)";
				SKIP_INSTALL = YES;
				SWIFT_EMIT_LOC_STRINGS = YES;
				SWIFT_VERSION = 5.0;
				TARGETED_DEVICE_FAMILY = "1,2";
				VERSIONING_SYSTEM = "apple-generic";
				VERSION_INFO_PREFIX = "";
			};
			name = Debug;
		};
		834923112A05AE6A004CBDEF /* Release */ = {
			isa = XCBuildConfiguration;
			buildSettings = {
				CLANG_CXX_LANGUAGE_STANDARD = "gnu++20";
				CODE_SIGN_IDENTITY = "";
				CODE_SIGN_STYLE = Automatic;
				CURRENT_PROJECT_VERSION = 1;
				DEFINES_MODULE = YES;
				DEVELOPMENT_TEAM = "$(inherited)";
				DYLIB_COMPATIBILITY_VERSION = 1;
				DYLIB_CURRENT_VERSION = 1;
				DYLIB_INSTALL_NAME_BASE = "@rpath";
				ENABLE_MODULE_VERIFIER = YES;
				GENERATE_INFOPLIST_FILE = YES;
				INFOPLIST_KEY_NSHumanReadableCopyright = "";
				INSTALL_PATH = "$(LOCAL_LIBRARY_DIR)/Frameworks";
				IPHONEOS_DEPLOYMENT_TARGET = 16.0;
				LD_RUNPATH_SEARCH_PATHS = (
					"$(inherited)",
					"@executable_path/Frameworks",
					"@loader_path/Frameworks",
				);
				MARKETING_VERSION = 1.0;
				MODULE_VERIFIER_SUPPORTED_LANGUAGES = "objective-c objective-c++";
				MODULE_VERIFIER_SUPPORTED_LANGUAGE_STANDARDS = "gnu11 gnu++20";
				PRODUCT_BUNDLE_IDENTIFIER = com.wits.BookmarkCompanion.Application;
				PRODUCT_NAME = "$(TARGET_NAME:c99extidentifier)";
				SKIP_INSTALL = YES;
				SWIFT_EMIT_LOC_STRINGS = YES;
				SWIFT_VERSION = 5.0;
				TARGETED_DEVICE_FAMILY = "1,2";
				VERSIONING_SYSTEM = "apple-generic";
				VERSION_INFO_PREFIX = "";
			};
			name = Release;
		};
		834923122A05AE6A004CBDEF /* Debug */ = {
			isa = XCBuildConfiguration;
			buildSettings = {
				ALWAYS_EMBED_SWIFT_STANDARD_LIBRARIES = YES;
				CLANG_CXX_LANGUAGE_STANDARD = "gnu++20";
				CODE_SIGN_STYLE = Automatic;
				CURRENT_PROJECT_VERSION = 1;
				DEVELOPMENT_TEAM = "$(inherited)";
				GENERATE_INFOPLIST_FILE = YES;
				IPHONEOS_DEPLOYMENT_TARGET = 16.0;
				MARKETING_VERSION = 1.0;
				PRODUCT_BUNDLE_IDENTIFIER = com.wits.BookmarkCompanion.ApplicationTests;
				PRODUCT_NAME = "$(TARGET_NAME)";
				SWIFT_EMIT_LOC_STRINGS = NO;
				SWIFT_VERSION = 5.0;
				TARGETED_DEVICE_FAMILY = "1,2";
				TEST_HOST = "$(BUILT_PRODUCTS_DIR)/BookmarkCompanion.app/$(BUNDLE_EXECUTABLE_FOLDER_PATH)/BookmarkCompanion";
			};
			name = Debug;
		};
		834923132A05AE6A004CBDEF /* Release */ = {
			isa = XCBuildConfiguration;
			buildSettings = {
				ALWAYS_EMBED_SWIFT_STANDARD_LIBRARIES = YES;
				CLANG_CXX_LANGUAGE_STANDARD = "gnu++20";
				CODE_SIGN_STYLE = Automatic;
				CURRENT_PROJECT_VERSION = 1;
				DEVELOPMENT_TEAM = "$(inherited)";
				GENERATE_INFOPLIST_FILE = YES;
				IPHONEOS_DEPLOYMENT_TARGET = 16.0;
				MARKETING_VERSION = 1.0;
				PRODUCT_BUNDLE_IDENTIFIER = com.wits.BookmarkCompanion.ApplicationTests;
				PRODUCT_NAME = "$(TARGET_NAME)";
				SWIFT_EMIT_LOC_STRINGS = NO;
				SWIFT_VERSION = 5.0;
				TARGETED_DEVICE_FAMILY = "1,2";
				TEST_HOST = "$(BUILT_PRODUCTS_DIR)/BookmarkCompanion.app/$(BUNDLE_EXECUTABLE_FOLDER_PATH)/BookmarkCompanion";
			};
			name = Release;
		};
		835E60B82907F47800E86AFE /* Debug */ = {
			isa = XCBuildConfiguration;
			baseConfigurationReference = 8305572B2946371C007E128A /* Config.xcconfig */;
			buildSettings = {
				ALWAYS_SEARCH_USER_PATHS = NO;
				CLANG_ANALYZER_NONNULL = YES;
				CLANG_ANALYZER_NUMBER_OBJECT_CONVERSION = YES_AGGRESSIVE;
				CLANG_CXX_LANGUAGE_STANDARD = "gnu++17";
				CLANG_ENABLE_MODULES = YES;
				CLANG_ENABLE_OBJC_ARC = YES;
				CLANG_ENABLE_OBJC_WEAK = YES;
				CLANG_WARN_BLOCK_CAPTURE_AUTORELEASING = YES;
				CLANG_WARN_BOOL_CONVERSION = YES;
				CLANG_WARN_COMMA = YES;
				CLANG_WARN_CONSTANT_CONVERSION = YES;
				CLANG_WARN_DEPRECATED_OBJC_IMPLEMENTATIONS = YES;
				CLANG_WARN_DIRECT_OBJC_ISA_USAGE = YES_ERROR;
				CLANG_WARN_DOCUMENTATION_COMMENTS = YES;
				CLANG_WARN_EMPTY_BODY = YES;
				CLANG_WARN_ENUM_CONVERSION = YES;
				CLANG_WARN_INFINITE_RECURSION = YES;
				CLANG_WARN_INT_CONVERSION = YES;
				CLANG_WARN_NON_LITERAL_NULL_CONVERSION = YES;
				CLANG_WARN_OBJC_IMPLICIT_RETAIN_SELF = YES;
				CLANG_WARN_OBJC_LITERAL_CONVERSION = YES;
				CLANG_WARN_OBJC_ROOT_CLASS = YES_ERROR;
				CLANG_WARN_QUOTED_INCLUDE_IN_FRAMEWORK_HEADER = YES;
				CLANG_WARN_RANGE_LOOP_ANALYSIS = YES;
				CLANG_WARN_STRICT_PROTOTYPES = YES;
				CLANG_WARN_SUSPICIOUS_MOVE = YES;
				CLANG_WARN_UNGUARDED_AVAILABILITY = YES_AGGRESSIVE;
				CLANG_WARN_UNREACHABLE_CODE = YES;
				CLANG_WARN__DUPLICATE_METHOD_MATCH = YES;
				COPY_PHASE_STRIP = NO;
				DEBUG_INFORMATION_FORMAT = dwarf;
				ENABLE_STRICT_OBJC_MSGSEND = YES;
				ENABLE_TESTABILITY = YES;
				GCC_C_LANGUAGE_STANDARD = gnu11;
				GCC_DYNAMIC_NO_PIC = NO;
				GCC_NO_COMMON_BLOCKS = YES;
				GCC_OPTIMIZATION_LEVEL = 0;
				GCC_PREPROCESSOR_DEFINITIONS = (
					"DEBUG=1",
					"$(inherited)",
				);
				GCC_WARN_64_TO_32_BIT_CONVERSION = YES;
				GCC_WARN_ABOUT_RETURN_TYPE = YES_ERROR;
				GCC_WARN_UNDECLARED_SELECTOR = YES;
				GCC_WARN_UNINITIALIZED_AUTOS = YES_AGGRESSIVE;
				GCC_WARN_UNUSED_FUNCTION = YES;
				GCC_WARN_UNUSED_VARIABLE = YES;
				IPHONEOS_DEPLOYMENT_TARGET = 16.0;
				MTL_ENABLE_DEBUG_INFO = INCLUDE_SOURCE;
				MTL_FAST_MATH = YES;
				ONLY_ACTIVE_ARCH = YES;
				SDKROOT = iphoneos;
				SWIFT_ACTIVE_COMPILATION_CONDITIONS = DEBUG;
				SWIFT_OPTIMIZATION_LEVEL = "-Onone";
			};
			name = Debug;
		};
		835E60B92907F47800E86AFE /* Release */ = {
			isa = XCBuildConfiguration;
			baseConfigurationReference = 8305572B2946371C007E128A /* Config.xcconfig */;
			buildSettings = {
				ALWAYS_SEARCH_USER_PATHS = NO;
				CLANG_ANALYZER_NONNULL = YES;
				CLANG_ANALYZER_NUMBER_OBJECT_CONVERSION = YES_AGGRESSIVE;
				CLANG_CXX_LANGUAGE_STANDARD = "gnu++17";
				CLANG_ENABLE_MODULES = YES;
				CLANG_ENABLE_OBJC_ARC = YES;
				CLANG_ENABLE_OBJC_WEAK = YES;
				CLANG_WARN_BLOCK_CAPTURE_AUTORELEASING = YES;
				CLANG_WARN_BOOL_CONVERSION = YES;
				CLANG_WARN_COMMA = YES;
				CLANG_WARN_CONSTANT_CONVERSION = YES;
				CLANG_WARN_DEPRECATED_OBJC_IMPLEMENTATIONS = YES;
				CLANG_WARN_DIRECT_OBJC_ISA_USAGE = YES_ERROR;
				CLANG_WARN_DOCUMENTATION_COMMENTS = YES;
				CLANG_WARN_EMPTY_BODY = YES;
				CLANG_WARN_ENUM_CONVERSION = YES;
				CLANG_WARN_INFINITE_RECURSION = YES;
				CLANG_WARN_INT_CONVERSION = YES;
				CLANG_WARN_NON_LITERAL_NULL_CONVERSION = YES;
				CLANG_WARN_OBJC_IMPLICIT_RETAIN_SELF = YES;
				CLANG_WARN_OBJC_LITERAL_CONVERSION = YES;
				CLANG_WARN_OBJC_ROOT_CLASS = YES_ERROR;
				CLANG_WARN_QUOTED_INCLUDE_IN_FRAMEWORK_HEADER = YES;
				CLANG_WARN_RANGE_LOOP_ANALYSIS = YES;
				CLANG_WARN_STRICT_PROTOTYPES = YES;
				CLANG_WARN_SUSPICIOUS_MOVE = YES;
				CLANG_WARN_UNGUARDED_AVAILABILITY = YES_AGGRESSIVE;
				CLANG_WARN_UNREACHABLE_CODE = YES;
				CLANG_WARN__DUPLICATE_METHOD_MATCH = YES;
				COPY_PHASE_STRIP = NO;
				DEBUG_INFORMATION_FORMAT = "dwarf-with-dsym";
				ENABLE_NS_ASSERTIONS = NO;
				ENABLE_STRICT_OBJC_MSGSEND = YES;
				GCC_C_LANGUAGE_STANDARD = gnu11;
				GCC_NO_COMMON_BLOCKS = YES;
				GCC_WARN_64_TO_32_BIT_CONVERSION = YES;
				GCC_WARN_ABOUT_RETURN_TYPE = YES_ERROR;
				GCC_WARN_UNDECLARED_SELECTOR = YES;
				GCC_WARN_UNINITIALIZED_AUTOS = YES_AGGRESSIVE;
				GCC_WARN_UNUSED_FUNCTION = YES;
				GCC_WARN_UNUSED_VARIABLE = YES;
				IPHONEOS_DEPLOYMENT_TARGET = 16.0;
				MTL_ENABLE_DEBUG_INFO = NO;
				MTL_FAST_MATH = YES;
				SDKROOT = iphoneos;
				SWIFT_COMPILATION_MODE = wholemodule;
				SWIFT_OPTIMIZATION_LEVEL = "-O";
				VALIDATE_PRODUCT = YES;
			};
			name = Release;
		};
		835E60BB2907F47800E86AFE /* Debug */ = {
			isa = XCBuildConfiguration;
			baseConfigurationReference = 8305572B2946371C007E128A /* Config.xcconfig */;
			buildSettings = {
				ALWAYS_EMBED_SWIFT_STANDARD_LIBRARIES = YES;
				ASSETCATALOG_COMPILER_APPICON_NAME = AppIcon;
				ASSETCATALOG_COMPILER_GLOBAL_ACCENT_COLOR_NAME = AccentColor;
				CODE_SIGN_ENTITLEMENTS = BookmarkCompanion/BookmarkCompanion.entitlements;
				CODE_SIGN_STYLE = Automatic;
				CURRENT_PROJECT_VERSION = 4;
				DEVELOPMENT_ASSET_PATHS = "\"BookmarkCompanion/Preview Content\"";
				DEVELOPMENT_TEAM = "$(inherited)";
				ENABLE_PREVIEWS = YES;
				GENERATE_INFOPLIST_FILE = YES;
				INFOPLIST_FILE = BookmarkCompanion/Info.plist;
				INFOPLIST_KEY_CFBundleDisplayName = BookmarkCompanion;
				INFOPLIST_KEY_LSApplicationCategoryType = "public.app-category.utilities";
				INFOPLIST_KEY_UIApplicationSceneManifest_Generation = YES;
				INFOPLIST_KEY_UIApplicationSupportsIndirectInputEvents = YES;
				INFOPLIST_KEY_UILaunchScreen_Generation = YES;
				INFOPLIST_KEY_UISupportedInterfaceOrientations_iPad = "UIInterfaceOrientationPortrait UIInterfaceOrientationPortraitUpsideDown UIInterfaceOrientationLandscapeLeft UIInterfaceOrientationLandscapeRight";
				INFOPLIST_KEY_UISupportedInterfaceOrientations_iPhone = "UIInterfaceOrientationPortrait UIInterfaceOrientationLandscapeLeft UIInterfaceOrientationLandscapeRight";
				IPHONEOS_DEPLOYMENT_TARGET = 16.0;
				LD_RUNPATH_SEARCH_PATHS = (
					"$(inherited)",
					"@executable_path/Frameworks",
				);
				MARKETING_VERSION = 1.5.2;
				PRODUCT_BUNDLE_IDENTIFIER = com.wits.BookmarkCompanion;
				PRODUCT_NAME = "$(TARGET_NAME)";
				SWIFT_EMIT_LOC_STRINGS = YES;
				SWIFT_VERSION = 5.0;
				TARGETED_DEVICE_FAMILY = "1,2";
			};
			name = Debug;
		};
		835E60BC2907F47800E86AFE /* Release */ = {
			isa = XCBuildConfiguration;
			baseConfigurationReference = 8305572B2946371C007E128A /* Config.xcconfig */;
			buildSettings = {
				ALWAYS_EMBED_SWIFT_STANDARD_LIBRARIES = YES;
				ASSETCATALOG_COMPILER_APPICON_NAME = AppIcon;
				ASSETCATALOG_COMPILER_GLOBAL_ACCENT_COLOR_NAME = AccentColor;
				CODE_SIGN_ENTITLEMENTS = BookmarkCompanion/BookmarkCompanion.entitlements;
				CODE_SIGN_STYLE = Automatic;
				CURRENT_PROJECT_VERSION = 4;
				DEVELOPMENT_ASSET_PATHS = "\"BookmarkCompanion/Preview Content\"";
				DEVELOPMENT_TEAM = "$(inherited)";
				ENABLE_PREVIEWS = YES;
				GENERATE_INFOPLIST_FILE = YES;
				INFOPLIST_FILE = BookmarkCompanion/Info.plist;
				INFOPLIST_KEY_CFBundleDisplayName = BookmarkCompanion;
				INFOPLIST_KEY_LSApplicationCategoryType = "public.app-category.utilities";
				INFOPLIST_KEY_UIApplicationSceneManifest_Generation = YES;
				INFOPLIST_KEY_UIApplicationSupportsIndirectInputEvents = YES;
				INFOPLIST_KEY_UILaunchScreen_Generation = YES;
				INFOPLIST_KEY_UISupportedInterfaceOrientations_iPad = "UIInterfaceOrientationPortrait UIInterfaceOrientationPortraitUpsideDown UIInterfaceOrientationLandscapeLeft UIInterfaceOrientationLandscapeRight";
				INFOPLIST_KEY_UISupportedInterfaceOrientations_iPhone = "UIInterfaceOrientationPortrait UIInterfaceOrientationLandscapeLeft UIInterfaceOrientationLandscapeRight";
				IPHONEOS_DEPLOYMENT_TARGET = 16.0;
				LD_RUNPATH_SEARCH_PATHS = (
					"$(inherited)",
					"@executable_path/Frameworks",
				);
				MARKETING_VERSION = 1.5.2;
				PRODUCT_BUNDLE_IDENTIFIER = com.wits.BookmarkCompanion;
				PRODUCT_NAME = "$(TARGET_NAME)";
				SWIFT_EMIT_LOC_STRINGS = YES;
				SWIFT_VERSION = 5.0;
				TARGETED_DEVICE_FAMILY = "1,2";
			};
			name = Release;
		};
/* End XCBuildConfiguration section */

/* Begin XCConfigurationList section */
		83017F442910313800C341D2 /* Build configuration list for PBXNativeTarget "ShareExtension" */ = {
			isa = XCConfigurationList;
			buildConfigurations = (
				83017F422910313800C341D2 /* Debug */,
				83017F432910313800C341D2 /* Release */,
			);
			defaultConfigurationIsVisible = 0;
			defaultConfigurationName = Release;
		};
		834923142A05AE6A004CBDEF /* Build configuration list for PBXNativeTarget "CompanionApplication" */ = {
			isa = XCConfigurationList;
			buildConfigurations = (
				834923102A05AE6A004CBDEF /* Debug */,
				834923112A05AE6A004CBDEF /* Release */,
			);
			defaultConfigurationIsVisible = 0;
			defaultConfigurationName = Release;
		};
		834923152A05AE6A004CBDEF /* Build configuration list for PBXNativeTarget "CompanionApplicationTests" */ = {
			isa = XCConfigurationList;
			buildConfigurations = (
				834923122A05AE6A004CBDEF /* Debug */,
				834923132A05AE6A004CBDEF /* Release */,
			);
			defaultConfigurationIsVisible = 0;
			defaultConfigurationName = Release;
		};
		835E608C2907F47700E86AFE /* Build configuration list for PBXProject "BookmarkCompanion" */ = {
			isa = XCConfigurationList;
			buildConfigurations = (
				835E60B82907F47800E86AFE /* Debug */,
				835E60B92907F47800E86AFE /* Release */,
			);
			defaultConfigurationIsVisible = 0;
			defaultConfigurationName = Release;
		};
		835E60BA2907F47800E86AFE /* Build configuration list for PBXNativeTarget "BookmarkCompanion" */ = {
			isa = XCConfigurationList;
			buildConfigurations = (
				835E60BB2907F47800E86AFE /* Debug */,
				835E60BC2907F47800E86AFE /* Release */,
			);
			defaultConfigurationIsVisible = 0;
			defaultConfigurationName = Release;
		};
/* End XCConfigurationList section */

/* Begin XCVersionGroup section */
		834923882A05AF23004CBDEF /* LinkdingModel.xcdatamodeld */ = {
			isa = XCVersionGroup;
			children = (
				834923892A05AF23004CBDEF /* LinkdingModel.xcdatamodel */,
				8349238A2A05AF23004CBDEF /* LinkdingModel 2.xcdatamodel */,
			);
			currentVersion = 8349238A2A05AF23004CBDEF /* LinkdingModel 2.xcdatamodel */;
			path = LinkdingModel.xcdatamodeld;
			sourceTree = "<group>";
			versionGroupType = wrapper.xcdatamodel;
		};
		835E609F2907F47800E86AFE /* BookmarkCompanion.xcdatamodeld */ = {
			isa = XCVersionGroup;
			children = (
				835E60A02907F47800E86AFE /* BookmarkCompanion.xcdatamodel */,
			);
			currentVersion = 835E60A02907F47800E86AFE /* BookmarkCompanion.xcdatamodel */;
			path = BookmarkCompanion.xcdatamodeld;
			sourceTree = "<group>";
			versionGroupType = wrapper.xcdatamodel;
		};
/* End XCVersionGroup section */
	};
	rootObject = 835E60892907F47700E86AFE /* Project object */;
}
